// !$*UTF8*$!
{
	archiveVersion = 1;
	classes = {
	};
	objectVersion = 46;
	objects = {

/* Begin PBXBuildFile section */
		AE051C3B149972B900A8FB07 /* CycFilterUIView.m in Sources */ = {isa = PBXBuildFile; fileRef = AE051C2E149972B900A8FB07 /* CycFilterUIView.m */; };
		AE051C3C149972B900A8FB07 /* CycParameterLinearViewController.m in Sources */ = {isa = PBXBuildFile; fileRef = AE051C30149972B900A8FB07 /* CycParameterLinearViewController.m */; };
		AE051C3D149972B900A8FB07 /* CycParameterLinearViewController.xib in Resources */ = {isa = PBXBuildFile; fileRef = AE051C31149972B900A8FB07 /* CycParameterLinearViewController.xib */; };
		AE051C3E149972B900A8FB07 /* CycParameterViewController.m in Sources */ = {isa = PBXBuildFile; fileRef = AE051C33149972B900A8FB07 /* CycParameterViewController.m */; };
		AE051C3F149972B900A8FB07 /* CycParameterXYView.m in Sources */ = {isa = PBXBuildFile; fileRef = AE051C35149972B900A8FB07 /* CycParameterXYView.m */; };
		AE051C40149972B900A8FB07 /* CycParameterXYViewController.m in Sources */ = {isa = PBXBuildFile; fileRef = AE051C37149972B900A8FB07 /* CycParameterXYViewController.m */; };
		AE051C41149972B900A8FB07 /* CycParameterXYViewController.xib in Resources */ = {isa = PBXBuildFile; fileRef = AE051C38149972B900A8FB07 /* CycParameterXYViewController.xib */; };
		AE051C42149972B900A8FB07 /* CycXYView.m in Sources */ = {isa = PBXBuildFile; fileRef = AE051C3A149972B900A8FB07 /* CycXYView.m */; };
		AE1B441B15E6A1F200E20A6F /* FilterItem.m in Sources */ = {isa = PBXBuildFile; fileRef = AE1B441A15E6A1F200E20A6F /* FilterItem.m */; };
		AE48C43E15E6D26B00733AAC /* FilterModel.m in Sources */ = {isa = PBXBuildFile; fileRef = AE48C43D15E6D26B00733AAC /* FilterModel.m */; };
		AE5DB0B315E9734D00C4C720 /* FilterItemView.m in Sources */ = {isa = PBXBuildFile; fileRef = AE5DB0B215E9734D00C4C720 /* FilterItemView.m */; };
		AE7D667C147561B80099875F /* Cocoa.framework in Frameworks */ = {isa = PBXBuildFile; fileRef = AE7D667B147561B80099875F /* Cocoa.framework */; };
		AE7D6686147561B80099875F /* InfoPlist.strings in Resources */ = {isa = PBXBuildFile; fileRef = AE7D6684147561B80099875F /* InfoPlist.strings */; };
		AE7D6688147561B80099875F /* main.m in Sources */ = {isa = PBXBuildFile; fileRef = AE7D6687147561B80099875F /* main.m */; };
		AE7D668C147561B90099875F /* Credits.rtf in Resources */ = {isa = PBXBuildFile; fileRef = AE7D668A147561B90099875F /* Credits.rtf */; };
		AE7D66BB147562080099875F /* ActorFilter.m in Sources */ = {isa = PBXBuildFile; fileRef = AE7D669C147562080099875F /* ActorFilter.m */; };
		AE7D66BC147562080099875F /* CycAppDelegate.m in Sources */ = {isa = PBXBuildFile; fileRef = AE7D669E147562080099875F /* CycAppDelegate.m */; };
		AE7D66BD147562080099875F /* CycDocument.m in Sources */ = {isa = PBXBuildFile; fileRef = AE7D66A0147562080099875F /* CycDocument.m */; };
		AE7D66BE147562080099875F /* MIDIWatcher.m in Sources */ = {isa = PBXBuildFile; fileRef = AE7D66A2147562080099875F /* MIDIWatcher.m */; };
		AE7D66BF147562080099875F /* NSString+UUID.m in Sources */ = {isa = PBXBuildFile; fileRef = AE7D66A4147562080099875F /* NSString+UUID.m */; };
		AE7D66C0147562080099875F /* SharedTypes.m in Sources */ = {isa = PBXBuildFile; fileRef = AE7D66A6147562080099875F /* SharedTypes.m */; };
		AE7D66C1147562080099875F /* StageView.m in Sources */ = {isa = PBXBuildFile; fileRef = AE7D66A8147562080099875F /* StageView.m */; };
		AE7D66C2147562080099875F /* utils.m in Sources */ = {isa = PBXBuildFile; fileRef = AE7D66AA147562080099875F /* utils.m */; };
		AE7D66C3147562080099875F /* VideoClip.m in Sources */ = {isa = PBXBuildFile; fileRef = AE7D66AC147562080099875F /* VideoClip.m */; };
		AE7D66C4147562080099875F /* VideoClipCell.m in Sources */ = {isa = PBXBuildFile; fileRef = AE7D66AE147562080099875F /* VideoClipCell.m */; };
		AE7D66C5147562080099875F /* VideoClipCollectionItemView.m in Sources */ = {isa = PBXBuildFile; fileRef = AE7D66B0147562080099875F /* VideoClipCollectionItemView.m */; };
		AE7D66C6147562080099875F /* VideoClipCollectionView.m in Sources */ = {isa = PBXBuildFile; fileRef = AE7D66B2147562080099875F /* VideoClipCollectionView.m */; };
		AE7D66C7147562080099875F /* VideoClipController.m in Sources */ = {isa = PBXBuildFile; fileRef = AE7D66B4147562080099875F /* VideoClipController.m */; };
		AE7D66C9147562080099875F /* VideoClipView.m in Sources */ = {isa = PBXBuildFile; fileRef = AE7D66B8147562080099875F /* VideoClipView.m */; };
		AE7D66CA147562080099875F /* VideoLayer.m in Sources */ = {isa = PBXBuildFile; fileRef = AE7D66BA147562080099875F /* VideoLayer.m */; };
		AE7D66CE147562FA0099875F /* CycArrayController.m in Sources */ = {isa = PBXBuildFile; fileRef = AE7D66CD147562FA0099875F /* CycArrayController.m */; };
		AE7D66D0147563140099875F /* CoreMIDI.framework in Frameworks */ = {isa = PBXBuildFile; fileRef = AE7D66CF147563140099875F /* CoreMIDI.framework */; };
		AE7D66D21475632E0099875F /* QTKit.framework in Frameworks */ = {isa = PBXBuildFile; fileRef = AE7D66D11475632E0099875F /* QTKit.framework */; };
		AE7D66D5147563910099875F /* Quartz.framework in Frameworks */ = {isa = PBXBuildFile; fileRef = AE7D66D3147563910099875F /* Quartz.framework */; };
		AE7D66D6147563910099875F /* QuartzCore.framework in Frameworks */ = {isa = PBXBuildFile; fileRef = AE7D66D4147563910099875F /* QuartzCore.framework */; };
		AE7D66DF147566380099875F /* CycDocument.xib in Resources */ = {isa = PBXBuildFile; fileRef = AE7D66DD147566380099875F /* CycDocument.xib */; };
		AE7D66E0147566380099875F /* MainMenu.xib in Resources */ = {isa = PBXBuildFile; fileRef = AE7D66DE147566380099875F /* MainMenu.xib */; };
		AEAD5F5E15D9BF7900562A6B /* CycParameterColourViewController.m in Sources */ = {isa = PBXBuildFile; fileRef = AEAD5F5C15D9BF7900562A6B /* CycParameterColourViewController.m */; };
		AEAD5F5F15D9BF7900562A6B /* CycParameterColourViewController.xib in Resources */ = {isa = PBXBuildFile; fileRef = AEAD5F5D15D9BF7900562A6B /* CycParameterColourViewController.xib */; };
		AEB910E415EABC7C00DEE626 /* Resources in Resources */ = {isa = PBXBuildFile; fileRef = AEB910E315EABC7C00DEE626 /* Resources */; };
		AEB9524D15ED4FFE00C00019 /* CursorLayer.m in Sources */ = {isa = PBXBuildFile; fileRef = AEB9524C15ED4FFE00C00019 /* CursorLayer.m */; };
		AEC028B515A24A0A0033BB3C /* FilterParameter.m in Sources */ = {isa = PBXBuildFile; fileRef = AEC028B415A24A0A0033BB3C /* FilterParameter.m */; };
/* End PBXBuildFile section */

/* Begin PBXFileReference section */
		AE051C2D149972B900A8FB07 /* CycFilterUIView.h */ = {isa = PBXFileReference; fileEncoding = 4; lastKnownFileType = sourcecode.c.h; path = CycFilterUIView.h; sourceTree = "<group>"; };
		AE051C2E149972B900A8FB07 /* CycFilterUIView.m */ = {isa = PBXFileReference; fileEncoding = 4; lastKnownFileType = sourcecode.c.objc; path = CycFilterUIView.m; sourceTree = "<group>"; };
		AE051C2F149972B900A8FB07 /* CycParameterLinearViewController.h */ = {isa = PBXFileReference; fileEncoding = 4; lastKnownFileType = sourcecode.c.h; path = CycParameterLinearViewController.h; sourceTree = "<group>"; };
		AE051C30149972B900A8FB07 /* CycParameterLinearViewController.m */ = {isa = PBXFileReference; fileEncoding = 4; lastKnownFileType = sourcecode.c.objc; path = CycParameterLinearViewController.m; sourceTree = "<group>"; };
		AE051C31149972B900A8FB07 /* CycParameterLinearViewController.xib */ = {isa = PBXFileReference; fileEncoding = 4; lastKnownFileType = file.xib; path = CycParameterLinearViewController.xib; sourceTree = "<group>"; };
		AE051C32149972B900A8FB07 /* CycParameterViewController.h */ = {isa = PBXFileReference; fileEncoding = 4; lastKnownFileType = sourcecode.c.h; path = CycParameterViewController.h; sourceTree = "<group>"; };
		AE051C33149972B900A8FB07 /* CycParameterViewController.m */ = {isa = PBXFileReference; fileEncoding = 4; lastKnownFileType = sourcecode.c.objc; path = CycParameterViewController.m; sourceTree = "<group>"; };
		AE051C34149972B900A8FB07 /* CycParameterXYView.h */ = {isa = PBXFileReference; fileEncoding = 4; lastKnownFileType = sourcecode.c.h; path = CycParameterXYView.h; sourceTree = "<group>"; };
		AE051C35149972B900A8FB07 /* CycParameterXYView.m */ = {isa = PBXFileReference; fileEncoding = 4; lastKnownFileType = sourcecode.c.objc; path = CycParameterXYView.m; sourceTree = "<group>"; };
		AE051C36149972B900A8FB07 /* CycParameterXYViewController.h */ = {isa = PBXFileReference; fileEncoding = 4; lastKnownFileType = sourcecode.c.h; path = CycParameterXYViewController.h; sourceTree = "<group>"; };
		AE051C37149972B900A8FB07 /* CycParameterXYViewController.m */ = {isa = PBXFileReference; fileEncoding = 4; lastKnownFileType = sourcecode.c.objc; path = CycParameterXYViewController.m; sourceTree = "<group>"; };
		AE051C38149972B900A8FB07 /* CycParameterXYViewController.xib */ = {isa = PBXFileReference; fileEncoding = 4; lastKnownFileType = file.xib; path = CycParameterXYViewController.xib; sourceTree = "<group>"; };
		AE051C39149972B900A8FB07 /* CycXYView.h */ = {isa = PBXFileReference; fileEncoding = 4; lastKnownFileType = sourcecode.c.h; path = CycXYView.h; sourceTree = "<group>"; };
		AE051C3A149972B900A8FB07 /* CycXYView.m */ = {isa = PBXFileReference; fileEncoding = 4; lastKnownFileType = sourcecode.c.objc; path = CycXYView.m; sourceTree = "<group>"; };
		AE1B441915E6A1F200E20A6F /* FilterItem.h */ = {isa = PBXFileReference; fileEncoding = 4; lastKnownFileType = sourcecode.c.h; path = FilterItem.h; sourceTree = "<group>"; };
		AE1B441A15E6A1F200E20A6F /* FilterItem.m */ = {isa = PBXFileReference; fileEncoding = 4; lastKnownFileType = sourcecode.c.objc; path = FilterItem.m; sourceTree = "<group>"; };
		AE48C43C15E6D26B00733AAC /* FilterModel.h */ = {isa = PBXFileReference; fileEncoding = 4; lastKnownFileType = sourcecode.c.h; path = FilterModel.h; sourceTree = "<group>"; };
		AE48C43D15E6D26B00733AAC /* FilterModel.m */ = {isa = PBXFileReference; fileEncoding = 4; lastKnownFileType = sourcecode.c.objc; path = FilterModel.m; sourceTree = "<group>"; };
		AE5DB0B115E9734D00C4C720 /* FilterItemView.h */ = {isa = PBXFileReference; fileEncoding = 4; lastKnownFileType = sourcecode.c.h; path = FilterItemView.h; sourceTree = "<group>"; };
		AE5DB0B215E9734D00C4C720 /* FilterItemView.m */ = {isa = PBXFileReference; fileEncoding = 4; lastKnownFileType = sourcecode.c.objc; path = FilterItemView.m; sourceTree = "<group>"; };
		AE7D6677147561B80099875F /* Cyclorama.app */ = {isa = PBXFileReference; explicitFileType = wrapper.application; includeInIndex = 0; path = Cyclorama.app; sourceTree = BUILT_PRODUCTS_DIR; };
		AE7D667B147561B80099875F /* Cocoa.framework */ = {isa = PBXFileReference; lastKnownFileType = wrapper.framework; name = Cocoa.framework; path = System/Library/Frameworks/Cocoa.framework; sourceTree = SDKROOT; };
		AE7D667E147561B80099875F /* AppKit.framework */ = {isa = PBXFileReference; lastKnownFileType = wrapper.framework; name = AppKit.framework; path = System/Library/Frameworks/AppKit.framework; sourceTree = SDKROOT; };
		AE7D667F147561B80099875F /* CoreData.framework */ = {isa = PBXFileReference; lastKnownFileType = wrapper.framework; name = CoreData.framework; path = System/Library/Frameworks/CoreData.framework; sourceTree = SDKROOT; };
		AE7D6680147561B80099875F /* Foundation.framework */ = {isa = PBXFileReference; lastKnownFileType = wrapper.framework; name = Foundation.framework; path = System/Library/Frameworks/Foundation.framework; sourceTree = SDKROOT; };
		AE7D6683147561B80099875F /* Cyclorama-Info.plist */ = {isa = PBXFileReference; lastKnownFileType = text.plist.xml; path = "Cyclorama-Info.plist"; sourceTree = "<group>"; };
		AE7D6685147561B80099875F /* en */ = {isa = PBXFileReference; lastKnownFileType = text.plist.strings; name = en; path = en.lproj/InfoPlist.strings; sourceTree = "<group>"; };
		AE7D6687147561B80099875F /* main.m */ = {isa = PBXFileReference; lastKnownFileType = sourcecode.c.objc; path = main.m; sourceTree = "<group>"; };
		AE7D668B147561B90099875F /* en */ = {isa = PBXFileReference; lastKnownFileType = text.rtf; name = en; path = en.lproj/Credits.rtf; sourceTree = "<group>"; };
		AE7D669B147562080099875F /* ActorFilter.h */ = {isa = PBXFileReference; fileEncoding = 4; lastKnownFileType = sourcecode.c.h; path = ActorFilter.h; sourceTree = "<group>"; };
		AE7D669C147562080099875F /* ActorFilter.m */ = {isa = PBXFileReference; fileEncoding = 4; lastKnownFileType = sourcecode.c.objc; path = ActorFilter.m; sourceTree = "<group>"; };
		AE7D669D147562080099875F /* CycAppDelegate.h */ = {isa = PBXFileReference; fileEncoding = 4; lastKnownFileType = sourcecode.c.h; path = CycAppDelegate.h; sourceTree = "<group>"; };
		AE7D669E147562080099875F /* CycAppDelegate.m */ = {isa = PBXFileReference; fileEncoding = 4; lastKnownFileType = sourcecode.c.objc; path = CycAppDelegate.m; sourceTree = "<group>"; };
		AE7D669F147562080099875F /* CycDocument.h */ = {isa = PBXFileReference; fileEncoding = 4; lastKnownFileType = sourcecode.c.h; path = CycDocument.h; sourceTree = "<group>"; };
		AE7D66A0147562080099875F /* CycDocument.m */ = {isa = PBXFileReference; fileEncoding = 4; lastKnownFileType = sourcecode.c.objc; path = CycDocument.m; sourceTree = "<group>"; };
		AE7D66A1147562080099875F /* MIDIWatcher.h */ = {isa = PBXFileReference; fileEncoding = 4; lastKnownFileType = sourcecode.c.h; path = MIDIWatcher.h; sourceTree = "<group>"; };
		AE7D66A2147562080099875F /* MIDIWatcher.m */ = {isa = PBXFileReference; fileEncoding = 4; lastKnownFileType = sourcecode.c.objc; path = MIDIWatcher.m; sourceTree = "<group>"; };
		AE7D66A3147562080099875F /* NSString+UUID.h */ = {isa = PBXFileReference; fileEncoding = 4; lastKnownFileType = sourcecode.c.h; path = "NSString+UUID.h"; sourceTree = "<group>"; };
		AE7D66A4147562080099875F /* NSString+UUID.m */ = {isa = PBXFileReference; fileEncoding = 4; lastKnownFileType = sourcecode.c.objc; path = "NSString+UUID.m"; sourceTree = "<group>"; };
		AE7D66A5147562080099875F /* SharedTypes.h */ = {isa = PBXFileReference; fileEncoding = 4; lastKnownFileType = sourcecode.c.h; path = SharedTypes.h; sourceTree = "<group>"; };
		AE7D66A6147562080099875F /* SharedTypes.m */ = {isa = PBXFileReference; fileEncoding = 4; lastKnownFileType = sourcecode.c.objc; path = SharedTypes.m; sourceTree = "<group>"; };
		AE7D66A7147562080099875F /* StageView.h */ = {isa = PBXFileReference; fileEncoding = 4; lastKnownFileType = sourcecode.c.h; path = StageView.h; sourceTree = "<group>"; };
		AE7D66A8147562080099875F /* StageView.m */ = {isa = PBXFileReference; fileEncoding = 4; lastKnownFileType = sourcecode.c.objc; path = StageView.m; sourceTree = "<group>"; };
		AE7D66A9147562080099875F /* utils.h */ = {isa = PBXFileReference; fileEncoding = 4; lastKnownFileType = sourcecode.c.h; path = utils.h; sourceTree = "<group>"; };
		AE7D66AA147562080099875F /* utils.m */ = {isa = PBXFileReference; fileEncoding = 4; lastKnownFileType = sourcecode.c.objc; path = utils.m; sourceTree = "<group>"; };
		AE7D66AB147562080099875F /* VideoClip.h */ = {isa = PBXFileReference; fileEncoding = 4; lastKnownFileType = sourcecode.c.h; path = VideoClip.h; sourceTree = "<group>"; };
		AE7D66AC147562080099875F /* VideoClip.m */ = {isa = PBXFileReference; fileEncoding = 4; lastKnownFileType = sourcecode.c.objc; path = VideoClip.m; sourceTree = "<group>"; };
		AE7D66AD147562080099875F /* VideoClipCell.h */ = {isa = PBXFileReference; fileEncoding = 4; lastKnownFileType = sourcecode.c.h; path = VideoClipCell.h; sourceTree = "<group>"; };
		AE7D66AE147562080099875F /* VideoClipCell.m */ = {isa = PBXFileReference; fileEncoding = 4; lastKnownFileType = sourcecode.c.objc; path = VideoClipCell.m; sourceTree = "<group>"; };
		AE7D66AF147562080099875F /* VideoClipCollectionItemView.h */ = {isa = PBXFileReference; fileEncoding = 4; lastKnownFileType = sourcecode.c.h; path = VideoClipCollectionItemView.h; sourceTree = "<group>"; };
		AE7D66B0147562080099875F /* VideoClipCollectionItemView.m */ = {isa = PBXFileReference; fileEncoding = 4; lastKnownFileType = sourcecode.c.objc; path = VideoClipCollectionItemView.m; sourceTree = "<group>"; };
		AE7D66B1147562080099875F /* VideoClipCollectionView.h */ = {isa = PBXFileReference; fileEncoding = 4; lastKnownFileType = sourcecode.c.h; path = VideoClipCollectionView.h; sourceTree = "<group>"; };
		AE7D66B2147562080099875F /* VideoClipCollectionView.m */ = {isa = PBXFileReference; fileEncoding = 4; lastKnownFileType = sourcecode.c.objc; path = VideoClipCollectionView.m; sourceTree = "<group>"; };
		AE7D66B3147562080099875F /* VideoClipController.h */ = {isa = PBXFileReference; fileEncoding = 4; lastKnownFileType = sourcecode.c.h; path = VideoClipController.h; sourceTree = "<group>"; };
		AE7D66B4147562080099875F /* VideoClipController.m */ = {isa = PBXFileReference; fileEncoding = 4; lastKnownFileType = sourcecode.c.objc; path = VideoClipController.m; sourceTree = "<group>"; };
		AE7D66B7147562080099875F /* VideoClipView.h */ = {isa = PBXFileReference; fileEncoding = 4; lastKnownFileType = sourcecode.c.h; path = VideoClipView.h; sourceTree = "<group>"; };
		AE7D66B8147562080099875F /* VideoClipView.m */ = {isa = PBXFileReference; fileEncoding = 4; lastKnownFileType = sourcecode.c.objc; path = VideoClipView.m; sourceTree = "<group>"; };
		AE7D66B9147562080099875F /* VideoLayer.h */ = {isa = PBXFileReference; fileEncoding = 4; lastKnownFileType = sourcecode.c.h; path = VideoLayer.h; sourceTree = "<group>"; };
		AE7D66BA147562080099875F /* VideoLayer.m */ = {isa = PBXFileReference; fileEncoding = 4; lastKnownFileType = sourcecode.c.objc; path = VideoLayer.m; sourceTree = "<group>"; };
		AE7D66CB1475622F0099875F /* Cyclorama-Prefix.pch */ = {isa = PBXFileReference; fileEncoding = 4; lastKnownFileType = sourcecode.c.h; path = "Cyclorama-Prefix.pch"; sourceTree = "<group>"; };
		AE7D66CC147562FA0099875F /* CycArrayController.h */ = {isa = PBXFileReference; fileEncoding = 4; lastKnownFileType = sourcecode.c.h; path = CycArrayController.h; sourceTree = "<group>"; };
		AE7D66CD147562FA0099875F /* CycArrayController.m */ = {isa = PBXFileReference; fileEncoding = 4; lastKnownFileType = sourcecode.c.objc; path = CycArrayController.m; sourceTree = "<group>"; };
		AE7D66CF147563140099875F /* CoreMIDI.framework */ = {isa = PBXFileReference; lastKnownFileType = wrapper.framework; name = CoreMIDI.framework; path = System/Library/Frameworks/CoreMIDI.framework; sourceTree = SDKROOT; };
		AE7D66D11475632E0099875F /* QTKit.framework */ = {isa = PBXFileReference; lastKnownFileType = wrapper.framework; name = QTKit.framework; path = System/Library/Frameworks/QTKit.framework; sourceTree = SDKROOT; };
		AE7D66D3147563910099875F /* Quartz.framework */ = {isa = PBXFileReference; lastKnownFileType = wrapper.framework; name = Quartz.framework; path = System/Library/Frameworks/Quartz.framework; sourceTree = SDKROOT; };
		AE7D66D4147563910099875F /* QuartzCore.framework */ = {isa = PBXFileReference; lastKnownFileType = wrapper.framework; name = QuartzCore.framework; path = System/Library/Frameworks/QuartzCore.framework; sourceTree = SDKROOT; };
		AE7D66DD147566380099875F /* CycDocument.xib */ = {isa = PBXFileReference; fileEncoding = 4; lastKnownFileType = file.xib; path = CycDocument.xib; sourceTree = "<group>"; };
		AE7D66DE147566380099875F /* MainMenu.xib */ = {isa = PBXFileReference; fileEncoding = 4; lastKnownFileType = file.xib; path = MainMenu.xib; sourceTree = "<group>"; };
		AEAD5F5B15D9BF7900562A6B /* CycParameterColourViewController.h */ = {isa = PBXFileReference; fileEncoding = 4; lastKnownFileType = sourcecode.c.h; path = CycParameterColourViewController.h; sourceTree = "<group>"; };
		AEAD5F5C15D9BF7900562A6B /* CycParameterColourViewController.m */ = {isa = PBXFileReference; fileEncoding = 4; lastKnownFileType = sourcecode.c.objc; path = CycParameterColourViewController.m; sourceTree = "<group>"; };
		AEAD5F5D15D9BF7900562A6B /* CycParameterColourViewController.xib */ = {isa = PBXFileReference; fileEncoding = 4; lastKnownFileType = file.xib; path = CycParameterColourViewController.xib; sourceTree = "<group>"; };
		AEB910E315EABC7C00DEE626 /* Resources */ = {isa = PBXFileReference; lastKnownFileType = folder; path = Resources; sourceTree = "<group>"; };
		AEB9524B15ED4FFE00C00019 /* CursorLayer.h */ = {isa = PBXFileReference; fileEncoding = 4; lastKnownFileType = sourcecode.c.h; path = CursorLayer.h; sourceTree = "<group>"; };
		AEB9524C15ED4FFE00C00019 /* CursorLayer.m */ = {isa = PBXFileReference; fileEncoding = 4; lastKnownFileType = sourcecode.c.objc; path = CursorLayer.m; sourceTree = "<group>"; };
		AEC028B315A24A0A0033BB3C /* FilterParameter.h */ = {isa = PBXFileReference; fileEncoding = 4; lastKnownFileType = sourcecode.c.h; path = FilterParameter.h; sourceTree = "<group>"; };
		AEC028B415A24A0A0033BB3C /* FilterParameter.m */ = {isa = PBXFileReference; fileEncoding = 4; lastKnownFileType = sourcecode.c.objc; path = FilterParameter.m; sourceTree = "<group>"; };
/* End PBXFileReference section */

/* Begin PBXFrameworksBuildPhase section */
		AE7D6674147561B80099875F /* Frameworks */ = {
			isa = PBXFrameworksBuildPhase;
			buildActionMask = 2147483647;
			files = (
				AE7D66D5147563910099875F /* Quartz.framework in Frameworks */,
				AE7D66D6147563910099875F /* QuartzCore.framework in Frameworks */,
				AE7D66D21475632E0099875F /* QTKit.framework in Frameworks */,
				AE7D66D0147563140099875F /* CoreMIDI.framework in Frameworks */,
				AE7D667C147561B80099875F /* Cocoa.framework in Frameworks */,
			);
			runOnlyForDeploymentPostprocessing = 0;
		};
/* End PBXFrameworksBuildPhase section */

/* Begin PBXGroup section */
		AE051C081498EA0500A8FB07 /* FilterUIView */ = {
			isa = PBXGroup;
			children = (
				AE051C2D149972B900A8FB07 /* CycFilterUIView.h */,
				AE051C2E149972B900A8FB07 /* CycFilterUIView.m */,
				AEAD5F5B15D9BF7900562A6B /* CycParameterColourViewController.h */,
				AEAD5F5C15D9BF7900562A6B /* CycParameterColourViewController.m */,
				AEAD5F5D15D9BF7900562A6B /* CycParameterColourViewController.xib */,
				AE051C2F149972B900A8FB07 /* CycParameterLinearViewController.h */,
				AE051C30149972B900A8FB07 /* CycParameterLinearViewController.m */,
				AE051C31149972B900A8FB07 /* CycParameterLinearViewController.xib */,
				AE051C32149972B900A8FB07 /* CycParameterViewController.h */,
				AE051C33149972B900A8FB07 /* CycParameterViewController.m */,
				AE051C34149972B900A8FB07 /* CycParameterXYView.h */,
				AE051C35149972B900A8FB07 /* CycParameterXYView.m */,
				AE051C36149972B900A8FB07 /* CycParameterXYViewController.h */,
				AE051C37149972B900A8FB07 /* CycParameterXYViewController.m */,
				AE051C38149972B900A8FB07 /* CycParameterXYViewController.xib */,
				AE051C39149972B900A8FB07 /* CycXYView.h */,
				AE051C3A149972B900A8FB07 /* CycXYView.m */,
			);
			name = FilterUIView;
			sourceTree = "<group>";
		};
		AE7D666C147561B80099875F = {
			isa = PBXGroup;
			children = (
				AE7D669B147562080099875F /* ActorFilter.h */,
				AE7D669C147562080099875F /* ActorFilter.m */,
				AE1B441915E6A1F200E20A6F /* FilterItem.h */,
				AE1B441A15E6A1F200E20A6F /* FilterItem.m */,
				AE5DB0B115E9734D00C4C720 /* FilterItemView.h */,
				AE5DB0B215E9734D00C4C720 /* FilterItemView.m */,
				AEB9524B15ED4FFE00C00019 /* CursorLayer.h */,
				AEB9524C15ED4FFE00C00019 /* CursorLayer.m */,
				AEC028B315A24A0A0033BB3C /* FilterParameter.h */,
				AEC028B415A24A0A0033BB3C /* FilterParameter.m */,
				AE48C43C15E6D26B00733AAC /* FilterModel.h */,
				AE48C43D15E6D26B00733AAC /* FilterModel.m */,
				AE7D669D147562080099875F /* CycAppDelegate.h */,
				AE7D669E147562080099875F /* CycAppDelegate.m */,
				AE7D66CC147562FA0099875F /* CycArrayController.h */,
				AE7D66CD147562FA0099875F /* CycArrayController.m */,
				AE7D669F147562080099875F /* CycDocument.h */,
				AE7D66A0147562080099875F /* CycDocument.m */,
				AE7D66A1147562080099875F /* MIDIWatcher.h */,
				AE7D66A2147562080099875F /* MIDIWatcher.m */,
				AE7D66A3147562080099875F /* NSString+UUID.h */,
				AE7D66A4147562080099875F /* NSString+UUID.m */,
				AE7D66A5147562080099875F /* SharedTypes.h */,
				AE7D66A6147562080099875F /* SharedTypes.m */,
				AE7D66A7147562080099875F /* StageView.h */,
				AE7D66A8147562080099875F /* StageView.m */,
				AE7D66A9147562080099875F /* utils.h */,
				AE7D66AA147562080099875F /* utils.m */,
				AE7D66AB147562080099875F /* VideoClip.h */,
				AE7D66AC147562080099875F /* VideoClip.m */,
				AE7D66AD147562080099875F /* VideoClipCell.h */,
				AE7D66AE147562080099875F /* VideoClipCell.m */,
				AE7D66AF147562080099875F /* VideoClipCollectionItemView.h */,
				AE7D66B0147562080099875F /* VideoClipCollectionItemView.m */,
				AE7D66B1147562080099875F /* VideoClipCollectionView.h */,
				AE7D66B2147562080099875F /* VideoClipCollectionView.m */,
				AE7D66B3147562080099875F /* VideoClipController.h */,
				AE7D66B4147562080099875F /* VideoClipController.m */,
				AE7D66B7147562080099875F /* VideoClipView.h */,
				AE7D66B8147562080099875F /* VideoClipView.m */,
				AE7D66B9147562080099875F /* VideoLayer.h */,
				AE7D66BA147562080099875F /* VideoLayer.m */,
				AE7D66DD147566380099875F /* CycDocument.xib */,
				AE7D66DE147566380099875F /* MainMenu.xib */,
				AE051C081498EA0500A8FB07 /* FilterUIView */,
				AE7D6681147561B80099875F /* Cyclorama */,
				AE7D667A147561B80099875F /* Frameworks */,
				AE7D6678147561B80099875F /* Products */,
				AEB910E315EABC7C00DEE626 /* Resources */,
			);
			sourceTree = "<group>";
		};
		AE7D6678147561B80099875F /* Products */ = {
			isa = PBXGroup;
			children = (
				AE7D6677147561B80099875F /* Cyclorama.app */,
			);
			name = Products;
			sourceTree = "<group>";
		};
		AE7D667A147561B80099875F /* Frameworks */ = {
			isa = PBXGroup;
			children = (
				AE7D66D3147563910099875F /* Quartz.framework */,
				AE7D66D4147563910099875F /* QuartzCore.framework */,
				AE7D66D11475632E0099875F /* QTKit.framework */,
				AE7D66CF147563140099875F /* CoreMIDI.framework */,
				AE7D667B147561B80099875F /* Cocoa.framework */,
				AE7D667D147561B80099875F /* Other Frameworks */,
			);
			name = Frameworks;
			sourceTree = "<group>";
		};
		AE7D667D147561B80099875F /* Other Frameworks */ = {
			isa = PBXGroup;
			children = (
				AE7D667E147561B80099875F /* AppKit.framework */,
				AE7D667F147561B80099875F /* CoreData.framework */,
				AE7D6680147561B80099875F /* Foundation.framework */,
			);
			name = "Other Frameworks";
			sourceTree = "<group>";
		};
		AE7D6681147561B80099875F /* Cyclorama */ = {
			isa = PBXGroup;
			children = (
				AE7D6682147561B80099875F /* Supporting Files */,
			);
			path = Cyclorama;
			sourceTree = "<group>";
		};
		AE7D6682147561B80099875F /* Supporting Files */ = {
			isa = PBXGroup;
			children = (
				AE7D6683147561B80099875F /* Cyclorama-Info.plist */,
				AE7D6684147561B80099875F /* InfoPlist.strings */,
				AE7D66CB1475622F0099875F /* Cyclorama-Prefix.pch */,
				AE7D6687147561B80099875F /* main.m */,
				AE7D668A147561B90099875F /* Credits.rtf */,
			);
			name = "Supporting Files";
			sourceTree = "<group>";
		};
/* End PBXGroup section */

/* Begin PBXNativeTarget section */
		AE7D6676147561B80099875F /* Cyclorama */ = {
			isa = PBXNativeTarget;
			buildConfigurationList = AE7D6698147561B90099875F /* Build configuration list for PBXNativeTarget "Cyclorama" */;
			buildPhases = (
				AE7D6673147561B80099875F /* Sources */,
				AE7D6674147561B80099875F /* Frameworks */,
				AE7D6675147561B80099875F /* Resources */,
			);
			buildRules = (
			);
			dependencies = (
			);
			name = Cyclorama;
			productName = Cyclorama;
			productReference = AE7D6677147561B80099875F /* Cyclorama.app */;
			productType = "com.apple.product-type.application";
		};
/* End PBXNativeTarget section */

/* Begin PBXProject section */
		AE7D666E147561B80099875F /* Project object */ = {
			isa = PBXProject;
			attributes = {
				LastUpgradeCheck = 0440;
				ORGANIZATIONNAME = "Sleep(5)";
			};
			buildConfigurationList = AE7D6671147561B80099875F /* Build configuration list for PBXProject "Cyclorama" */;
			compatibilityVersion = "Xcode 3.2";
			developmentRegion = English;
			hasScannedForEncodings = 0;
			knownRegions = (
				en,
			);
			mainGroup = AE7D666C147561B80099875F;
			productRefGroup = AE7D6678147561B80099875F /* Products */;
			projectDirPath = "";
			projectRoot = "";
			targets = (
				AE7D6676147561B80099875F /* Cyclorama */,
			);
		};
/* End PBXProject section */

/* Begin PBXResourcesBuildPhase section */
		AE7D6675147561B80099875F /* Resources */ = {
			isa = PBXResourcesBuildPhase;
			buildActionMask = 2147483647;
			files = (
				AE7D6686147561B80099875F /* InfoPlist.strings in Resources */,
				AE7D668C147561B90099875F /* Credits.rtf in Resources */,
				AE7D66DF147566380099875F /* CycDocument.xib in Resources */,
				AE7D66E0147566380099875F /* MainMenu.xib in Resources */,
				AE051C3D149972B900A8FB07 /* CycParameterLinearViewController.xib in Resources */,
				AE051C41149972B900A8FB07 /* CycParameterXYViewController.xib in Resources */,
				AEAD5F5F15D9BF7900562A6B /* CycParameterColourViewController.xib in Resources */,
				AEB910E415EABC7C00DEE626 /* Resources in Resources */,
			);
			runOnlyForDeploymentPostprocessing = 0;
		};
/* End PBXResourcesBuildPhase section */

/* Begin PBXSourcesBuildPhase section */
		AE7D6673147561B80099875F /* Sources */ = {
			isa = PBXSourcesBuildPhase;
			buildActionMask = 2147483647;
			files = (
				AE7D6688147561B80099875F /* main.m in Sources */,
				AE7D66BB147562080099875F /* ActorFilter.m in Sources */,
				AE7D66BC147562080099875F /* CycAppDelegate.m in Sources */,
				AE7D66BD147562080099875F /* CycDocument.m in Sources */,
				AE7D66BE147562080099875F /* MIDIWatcher.m in Sources */,
				AE7D66BF147562080099875F /* NSString+UUID.m in Sources */,
				AE7D66C0147562080099875F /* SharedTypes.m in Sources */,
				AE7D66C1147562080099875F /* StageView.m in Sources */,
				AE7D66C2147562080099875F /* utils.m in Sources */,
				AE7D66C3147562080099875F /* VideoClip.m in Sources */,
				AE7D66C4147562080099875F /* VideoClipCell.m in Sources */,
				AE7D66C5147562080099875F /* VideoClipCollectionItemView.m in Sources */,
				AE7D66C6147562080099875F /* VideoClipCollectionView.m in Sources */,
				AE7D66C7147562080099875F /* VideoClipController.m in Sources */,
				AE7D66C9147562080099875F /* VideoClipView.m in Sources */,
				AE7D66CA147562080099875F /* VideoLayer.m in Sources */,
				AE7D66CE147562FA0099875F /* CycArrayController.m in Sources */,
				AE051C3B149972B900A8FB07 /* CycFilterUIView.m in Sources */,
				AE051C3C149972B900A8FB07 /* CycParameterLinearViewController.m in Sources */,
				AE051C3E149972B900A8FB07 /* CycParameterViewController.m in Sources */,
				AE051C3F149972B900A8FB07 /* CycParameterXYView.m in Sources */,
				AE051C40149972B900A8FB07 /* CycParameterXYViewController.m in Sources */,
				AE051C42149972B900A8FB07 /* CycXYView.m in Sources */,
				AEC028B515A24A0A0033BB3C /* FilterParameter.m in Sources */,
				AEAD5F5E15D9BF7900562A6B /* CycParameterColourViewController.m in Sources */,
				AE1B441B15E6A1F200E20A6F /* FilterItem.m in Sources */,
				AE48C43E15E6D26B00733AAC /* FilterModel.m in Sources */,
				AE5DB0B315E9734D00C4C720 /* FilterItemView.m in Sources */,
				AEB9524D15ED4FFE00C00019 /* CursorLayer.m in Sources */,
			);
			runOnlyForDeploymentPostprocessing = 0;
		};
/* End PBXSourcesBuildPhase section */

/* Begin PBXVariantGroup section */
		AE7D6684147561B80099875F /* InfoPlist.strings */ = {
			isa = PBXVariantGroup;
			children = (
				AE7D6685147561B80099875F /* en */,
			);
			name = InfoPlist.strings;
			sourceTree = "<group>";
		};
		AE7D668A147561B90099875F /* Credits.rtf */ = {
			isa = PBXVariantGroup;
			children = (
				AE7D668B147561B90099875F /* en */,
			);
			name = Credits.rtf;
			sourceTree = "<group>";
		};
/* End PBXVariantGroup section */

/* Begin XCBuildConfiguration section */
		AE7D6696147561B90099875F /* Debug */ = {
			isa = XCBuildConfiguration;
			buildSettings = {
				ALWAYS_SEARCH_USER_PATHS = NO;
				ARCHS = "$(ARCHS_STANDARD_64_BIT)";
				COPY_PHASE_STRIP = NO;
				GCC_C_LANGUAGE_STANDARD = gnu99;
				GCC_DYNAMIC_NO_PIC = NO;
				GCC_ENABLE_OBJC_EXCEPTIONS = YES;
				GCC_OPTIMIZATION_LEVEL = 0;
				GCC_PREPROCESSOR_DEFINITIONS = (
					"DEBUG=1",
					"$(inherited)",
				);
				GCC_SYMBOLS_PRIVATE_EXTERN = NO;
				GCC_VERSION = com.apple.compilers.llvm.clang.1_0;
				GCC_WARN_64_TO_32_BIT_CONVERSION = YES;
				GCC_WARN_ABOUT_MISSING_PROTOTYPES = YES;
				GCC_WARN_ABOUT_RETURN_TYPE = YES;
				GCC_WARN_UNUSED_VARIABLE = YES;
				MACOSX_DEPLOYMENT_TARGET = 10.7;
				ONLY_ACTIVE_ARCH = YES;
				SDKROOT = macosx;
			};
			name = Debug;
		};
		AE7D6697147561B90099875F /* Release */ = {
			isa = XCBuildConfiguration;
			buildSettings = {
				ALWAYS_SEARCH_USER_PATHS = NO;
				ARCHS = "$(ARCHS_STANDARD_64_BIT)";
				COPY_PHASE_STRIP = YES;
				DEBUG_INFORMATION_FORMAT = "dwarf-with-dsym";
				GCC_C_LANGUAGE_STANDARD = gnu99;
				GCC_ENABLE_OBJC_EXCEPTIONS = YES;
				GCC_VERSION = com.apple.compilers.llvm.clang.1_0;
				GCC_WARN_64_TO_32_BIT_CONVERSION = YES;
				GCC_WARN_ABOUT_MISSING_PROTOTYPES = YES;
				GCC_WARN_ABOUT_RETURN_TYPE = YES;
				GCC_WARN_UNUSED_VARIABLE = YES;
				MACOSX_DEPLOYMENT_TARGET = 10.7;
				SDKROOT = macosx;
			};
			name = Release;
		};
		AE7D6699147561B90099875F /* Debug */ = {
			isa = XCBuildConfiguration;
			buildSettings = {
				CLANG_ENABLE_OBJC_ARC = YES;
				COMBINE_HIDPI_IMAGES = YES;
				GCC_PRECOMPILE_PREFIX_HEADER = YES;
				GCC_PREFIX_HEADER = "Cyclorama/Cyclorama-Prefix.pch";
				INFOPLIST_FILE = "Cyclorama/Cyclorama-Info.plist";
				PRODUCT_NAME = "$(TARGET_NAME)";
				WRAPPER_EXTENSION = app;
			};
			name = Debug;
		};
		AE7D669A147561B90099875F /* Release */ = {
			isa = XCBuildConfiguration;
			buildSettings = {
				CLANG_ENABLE_OBJC_ARC = YES;
				COMBINE_HIDPI_IMAGES = YES;
				GCC_PRECOMPILE_PREFIX_HEADER = YES;
				GCC_PREFIX_HEADER = "Cyclorama/Cyclorama-Prefix.pch";
				INFOPLIST_FILE = "Cyclorama/Cyclorama-Info.plist";
				PRODUCT_NAME = "$(TARGET_NAME)";
				WRAPPER_EXTENSION = app;
			};
			name = Release;
		};
/* End XCBuildConfiguration section */

/* Begin XCConfigurationList section */
		AE7D6671147561B80099875F /* Build configuration list for PBXProject "Cyclorama" */ = {
			isa = XCConfigurationList;
			buildConfigurations = (
				AE7D6696147561B90099875F /* Debug */,
				AE7D6697147561B90099875F /* Release */,
			);
			defaultConfigurationIsVisible = 0;
			defaultConfigurationName = Release;
		};
		AE7D6698147561B90099875F /* Build configuration list for PBXNativeTarget "Cyclorama" */ = {
			isa = XCConfigurationList;
			buildConfigurations = (
				AE7D6699147561B90099875F /* Debug */,
				AE7D669A147561B90099875F /* Release */,
			);
			defaultConfigurationIsVisible = 0;
			defaultConfigurationName = Release;
		};
/* End XCConfigurationList section */
	};
	rootObject = AE7D666E147561B80099875F /* Project object */;
}
