// !$*UTF8*$!
{
	archiveVersion = 1;
	classes = {
	};
	objectVersion = 46;
	objects = {

/* Begin PBXBuildFile section */
		AE051C3B149972B900A8FB07 /* CycFilterUIView.m in Sources */ = {isa = PBXBuildFile; fileRef = AE051C2E149972B900A8FB07 /* CycFilterUIView.m */; };
		AE051C3C149972B900A8FB07 /* CycParameterLinearViewController.m in Sources */ = {isa = PBXBuildFile; fileRef = AE051C30149972B900A8FB07 /* CycParameterLinearViewController.m */; };
		AE051C3D149972B900A8FB07 /* CycParameterLinearViewController.xib in Resources */ = {isa = PBXBuildFile; fileRef = AE051C31149972B900A8FB07 /* CycParameterLinearViewController.xib */; };
		AE051C3E149972B900A8FB07 /* CycParameterViewController.m in Sources */ = {isa = PBXBuildFile; fileRef = AE051C33149972B900A8FB07 /* CycParameterViewController.m */; };
		AE051C3F149972B900A8FB07 /* CycParameterXYView.m in Sources */ = {isa = PBXBuildFile; fileRef = AE051C35149972B900A8FB07 /* CycParameterXYView.m */; };
		AE051C40149972B900A8FB07 /* CycParameterXYViewController.m in Sources */ = {isa = PBXBuildFile; fileRef = AE051C37149972B900A8FB07 /* CycParameterXYViewController.m */; };
		AE051C41149972B900A8FB07 /* CycParameterXYViewController.xib in Resources */ = {isa = PBXBuildFile; fileRef = AE051C38149972B900A8FB07 /* CycParameterXYViewController.xib */; };
		AE051C42149972B900A8FB07 /* CycXYView.m in Sources */ = {isa = PBXBuildFile; fileRef = AE051C3A149972B900A8FB07 /* CycXYView.m */; };
		AE0FDBF2160642BA0000BB9F /* VideoBrowserBox.m in Sources */ = {isa = PBXBuildFile; fileRef = AE0FDBF1160642BA0000BB9F /* VideoBrowserBox.m */; };
		AE0FDBF7160655960000BB9F /* NSBezierPath+MCAdditions.m in Sources */ = {isa = PBXBuildFile; fileRef = AE0FDBF6160655960000BB9F /* NSBezierPath+MCAdditions.m */; };
		AE1B441B15E6A1F200E20A6F /* FilterItem.m in Sources */ = {isa = PBXBuildFile; fileRef = AE1B441A15E6A1F200E20A6F /* FilterItem.m */; };
		AE48C43E15E6D26B00733AAC /* FilterModel.m in Sources */ = {isa = PBXBuildFile; fileRef = AE48C43D15E6D26B00733AAC /* FilterModel.m */; };
		AE5DB0B315E9734D00C4C720 /* FilterItemView.m in Sources */ = {isa = PBXBuildFile; fileRef = AE5DB0B215E9734D00C4C720 /* FilterItemView.m */; };
		AE6861031606174C009C9694 /* FilterBrowserBox.m in Sources */ = {isa = PBXBuildFile; fileRef = AE6861021606174C009C9694 /* FilterBrowserBox.m */; };
		AE7D667C147561B80099875F /* Cocoa.framework in Frameworks */ = {isa = PBXBuildFile; fileRef = AE7D667B147561B80099875F /* Cocoa.framework */; };
		AE7D6686147561B80099875F /* InfoPlist.strings in Resources */ = {isa = PBXBuildFile; fileRef = AE7D6684147561B80099875F /* InfoPlist.strings */; };
		AE7D6688147561B80099875F /* main.m in Sources */ = {isa = PBXBuildFile; fileRef = AE7D6687147561B80099875F /* main.m */; };
		AE7D668C147561B90099875F /* Credits.rtf in Resources */ = {isa = PBXBuildFile; fileRef = AE7D668A147561B90099875F /* Credits.rtf */; };
		AE7D66BB147562080099875F /* ActorFilter.m in Sources */ = {isa = PBXBuildFile; fileRef = AE7D669C147562080099875F /* ActorFilter.m */; };
		AE7D66BC147562080099875F /* CycAppDelegate.m in Sources */ = {isa = PBXBuildFile; fileRef = AE7D669E147562080099875F /* CycAppDelegate.m */; };
		AE7D66BD147562080099875F /* CycDocument.m in Sources */ = {isa = PBXBuildFile; fileRef = AE7D66A0147562080099875F /* CycDocument.m */; };
		AE7D66BE147562080099875F /* MIDIWatcher.m in Sources */ = {isa = PBXBuildFile; fileRef = AE7D66A2147562080099875F /* MIDIWatcher.m */; };
		AE7D66BF147562080099875F /* NSString+UUID.m in Sources */ = {isa = PBXBuildFile; fileRef = AE7D66A4147562080099875F /* NSString+UUID.m */; };
		AE7D66C0147562080099875F /* SharedTypes.m in Sources */ = {isa = PBXBuildFile; fileRef = AE7D66A6147562080099875F /* SharedTypes.m */; };
		AE7D66C1147562080099875F /* StageView.m in Sources */ = {isa = PBXBuildFile; fileRef = AE7D66A8147562080099875F /* StageView.m */; };
		AE7D66C2147562080099875F /* utils.m in Sources */ = {isa = PBXBuildFile; fileRef = AE7D66AA147562080099875F /* utils.m */; };
		AE7D66C3147562080099875F /* VideoClip.m in Sources */ = {isa = PBXBuildFile; fileRef = AE7D66AC147562080099875F /* VideoClip.m */; };
		AE7D66C4147562080099875F /* VideoClipCell.m in Sources */ = {isa = PBXBuildFile; fileRef = AE7D66AE147562080099875F /* VideoClipCell.m */; };
		AE7D66C5147562080099875F /* VideoClipCollectionItemView.m in Sources */ = {isa = PBXBuildFile; fileRef = AE7D66B0147562080099875F /* VideoClipCollectionItemView.m */; };
		AE7D66C6147562080099875F /* VideoClipCollectionView.m in Sources */ = {isa = PBXBuildFile; fileRef = AE7D66B2147562080099875F /* VideoClipCollectionView.m */; };
		AE7D66C7147562080099875F /* VideoClipController.m in Sources */ = {isa = PBXBuildFile; fileRef = AE7D66B4147562080099875F /* VideoClipController.m */; };
		AE7D66C9147562080099875F /* VideoClipView.m in Sources */ = {isa = PBXBuildFile; fileRef = AE7D66B8147562080099875F /* VideoClipView.m */; };
		AE7D66CA147562080099875F /* VideoLayer.m in Sources */ = {isa = PBXBuildFile; fileRef = AE7D66BA147562080099875F /* VideoLayer.m */; };
		AE7D66CE147562FA0099875F /* CycArrayController.m in Sources */ = {isa = PBXBuildFile; fileRef = AE7D66CD147562FA0099875F /* CycArrayController.m */; };
		AE7D66D0147563140099875F /* CoreMIDI.framework in Frameworks */ = {isa = PBXBuildFile; fileRef = AE7D66CF147563140099875F /* CoreMIDI.framework */; };
		AE7D66D5147563910099875F /* Quartz.framework in Frameworks */ = {isa = PBXBuildFile; fileRef = AE7D66D3147563910099875F /* Quartz.framework */; };
		AE7D66D6147563910099875F /* QuartzCore.framework in Frameworks */ = {isa = PBXBuildFile; fileRef = AE7D66D4147563910099875F /* QuartzCore.framework */; };
		AE7D66DF147566380099875F /* CycDocument.xib in Resources */ = {isa = PBXBuildFile; fileRef = AE7D66DD147566380099875F /* CycDocument.xib */; };
		AE7D66E0147566380099875F /* MainMenu.xib in Resources */ = {isa = PBXBuildFile; fileRef = AE7D66DE147566380099875F /* MainMenu.xib */; };
		AE8ACBBC15FD0D0200063F7B /* SLFBlackWindow.m in Sources */ = {isa = PBXBuildFile; fileRef = AE8ACBBB15FD0D0200063F7B /* SLFBlackWindow.m */; };
		AE8ACBC115FD3AD700063F7B /* VideoBrowserWindowController.m in Sources */ = {isa = PBXBuildFile; fileRef = AE8ACBBF15FD3AD700063F7B /* VideoBrowserWindowController.m */; };
		AE8ACBC215FD3AD700063F7B /* VideoBrowserWindowController.xib in Resources */ = {isa = PBXBuildFile; fileRef = AE8ACBC015FD3AD700063F7B /* VideoBrowserWindowController.xib */; };
		AE8ACBD815FE146400063F7B /* PXListView.m in Sources */ = {isa = PBXBuildFile; fileRef = AE8ACBCA15FE136D00063F7B /* PXListView.m */; };
		AE8ACBDA15FE146400063F7B /* PXListView+UserInteraction.m in Sources */ = {isa = PBXBuildFile; fileRef = AE8ACBCE15FE136D00063F7B /* PXListView+UserInteraction.m */; };
		AE8ACBDB15FE146400063F7B /* PXListViewCell.m in Sources */ = {isa = PBXBuildFile; fileRef = AE8ACBD115FE136D00063F7B /* PXListViewCell.m */; };
		AE8ACBDC15FE146400063F7B /* PXListDocumentView.m in Sources */ = {isa = PBXBuildFile; fileRef = AE8ACBD415FE136D00063F7B /* PXListDocumentView.m */; };
		AE8ACBDF15FE476300063F7B /* VideoBrowserCell.m in Sources */ = {isa = PBXBuildFile; fileRef = AE8ACBDE15FE476300063F7B /* VideoBrowserCell.m */; };
		AE8ACBE115FE49A300063F7B /* VideoBrowserCell.xib in Resources */ = {isa = PBXBuildFile; fileRef = AE8ACBE015FE49A300063F7B /* VideoBrowserCell.xib */; };
		AE8ACBF315FE6A8C00063F7B /* Cocoa.framework in Frameworks */ = {isa = PBXBuildFile; fileRef = AE7D667B147561B80099875F /* Cocoa.framework */; };
		AE8ACBF915FE6A8C00063F7B /* InfoPlist.strings in Resources */ = {isa = PBXBuildFile; fileRef = AE8ACBF715FE6A8C00063F7B /* InfoPlist.strings */; };
		AE8ACC3C15FE6ABE00063F7B /* BGHUDBox.h in Headers */ = {isa = PBXBuildFile; fileRef = AE8ACC0115FE6ABE00063F7B /* BGHUDBox.h */; };
		AE8ACC3D15FE6ABE00063F7B /* BGHUDBox.m in Sources */ = {isa = PBXBuildFile; fileRef = AE8ACC0215FE6ABE00063F7B /* BGHUDBox.m */; };
		AE8ACC3E15FE6ABE00063F7B /* BGHUDView.h in Headers */ = {isa = PBXBuildFile; fileRef = AE8ACC0315FE6ABE00063F7B /* BGHUDView.h */; };
		AE8ACC3F15FE6ABE00063F7B /* BGHUDView.m in Sources */ = {isa = PBXBuildFile; fileRef = AE8ACC0415FE6ABE00063F7B /* BGHUDView.m */; };
		AE8ACC4015FE6ABE00063F7B /* BGHUDComboBoxCell.h in Headers */ = {isa = PBXBuildFile; fileRef = AE8ACC0515FE6ABE00063F7B /* BGHUDComboBoxCell.h */; };
		AE8ACC4115FE6ABE00063F7B /* BGHUDComboBoxCell.m in Sources */ = {isa = PBXBuildFile; fileRef = AE8ACC0615FE6ABE00063F7B /* BGHUDComboBoxCell.m */; };
		AE8ACC4215FE6ABE00063F7B /* README.textile in Resources */ = {isa = PBXBuildFile; fileRef = AE8ACC0715FE6ABE00063F7B /* README.textile */; };
		AE8ACC4315FE6ABE00063F7B /* BGHUDAppKit.h in Headers */ = {isa = PBXBuildFile; fileRef = AE8ACC0815FE6ABE00063F7B /* BGHUDAppKit.h */; };
		AE8ACC4415FE6ABE00063F7B /* BGGradientTheme.h in Headers */ = {isa = PBXBuildFile; fileRef = AE8ACC0915FE6ABE00063F7B /* BGGradientTheme.h */; };
		AE8ACC4515FE6ABE00063F7B /* BGGradientTheme.m in Sources */ = {isa = PBXBuildFile; fileRef = AE8ACC0A15FE6ABE00063F7B /* BGGradientTheme.m */; };
		AE8ACC4615FE6ABE00063F7B /* BGTheme.h in Headers */ = {isa = PBXBuildFile; fileRef = AE8ACC0B15FE6ABE00063F7B /* BGTheme.h */; };
		AE8ACC4715FE6ABE00063F7B /* BGTheme.m in Sources */ = {isa = PBXBuildFile; fileRef = AE8ACC0C15FE6ABE00063F7B /* BGTheme.m */; };
		AE8ACC4815FE6ABE00063F7B /* BGThemeManager.h in Headers */ = {isa = PBXBuildFile; fileRef = AE8ACC0D15FE6ABE00063F7B /* BGThemeManager.h */; };
		AE8ACC4915FE6ABE00063F7B /* BGThemeManager.m in Sources */ = {isa = PBXBuildFile; fileRef = AE8ACC0E15FE6ABE00063F7B /* BGThemeManager.m */; };
		AE8ACC4A15FE6ABE00063F7B /* BGHUDButtonCell.h in Headers */ = {isa = PBXBuildFile; fileRef = AE8ACC0F15FE6ABE00063F7B /* BGHUDButtonCell.h */; };
		AE8ACC4B15FE6ABE00063F7B /* BGHUDButtonCell.m in Sources */ = {isa = PBXBuildFile; fileRef = AE8ACC1015FE6ABE00063F7B /* BGHUDButtonCell.m */; };
		AE8ACC4C15FE6ABE00063F7B /* BGHUDColorWell.h in Headers */ = {isa = PBXBuildFile; fileRef = AE8ACC1115FE6ABE00063F7B /* BGHUDColorWell.h */; };
		AE8ACC4D15FE6ABE00063F7B /* BGHUDColorWell.m in Sources */ = {isa = PBXBuildFile; fileRef = AE8ACC1215FE6ABE00063F7B /* BGHUDColorWell.m */; };
		AE8ACC4E15FE6ABE00063F7B /* BGHUDLabel.h in Headers */ = {isa = PBXBuildFile; fileRef = AE8ACC1315FE6ABE00063F7B /* BGHUDLabel.h */; };
		AE8ACC4F15FE6ABE00063F7B /* BGHUDLabel.m in Sources */ = {isa = PBXBuildFile; fileRef = AE8ACC1415FE6ABE00063F7B /* BGHUDLabel.m */; };
		AE8ACC5015FE6ABE00063F7B /* BGHUDOutlineView.h in Headers */ = {isa = PBXBuildFile; fileRef = AE8ACC1515FE6ABE00063F7B /* BGHUDOutlineView.h */; };
		AE8ACC5115FE6ABE00063F7B /* BGHUDOutlineView.m in Sources */ = {isa = PBXBuildFile; fileRef = AE8ACC1615FE6ABE00063F7B /* BGHUDOutlineView.m */; };
		AE8ACC5215FE6ABE00063F7B /* BGHUDPopUpButtonCell.h in Headers */ = {isa = PBXBuildFile; fileRef = AE8ACC1715FE6ABE00063F7B /* BGHUDPopUpButtonCell.h */; };
		AE8ACC5315FE6ABE00063F7B /* BGHUDPopUpButtonCell.m in Sources */ = {isa = PBXBuildFile; fileRef = AE8ACC1815FE6ABE00063F7B /* BGHUDPopUpButtonCell.m */; };
		AE8ACC5415FE6ABE00063F7B /* BGHUDProgressIndicator.h in Headers */ = {isa = PBXBuildFile; fileRef = AE8ACC1915FE6ABE00063F7B /* BGHUDProgressIndicator.h */; };
		AE8ACC5515FE6ABE00063F7B /* BGHUDProgressIndicator.m in Sources */ = {isa = PBXBuildFile; fileRef = AE8ACC1A15FE6ABE00063F7B /* BGHUDProgressIndicator.m */; };
		AE8ACC5615FE6ABE00063F7B /* BGHUDScroller.h in Headers */ = {isa = PBXBuildFile; fileRef = AE8ACC1B15FE6ABE00063F7B /* BGHUDScroller.h */; };
		AE8ACC5715FE6ABE00063F7B /* BGHUDScroller.m in Sources */ = {isa = PBXBuildFile; fileRef = AE8ACC1C15FE6ABE00063F7B /* BGHUDScroller.m */; };
		AE8ACC5815FE6ABE00063F7B /* BGHUDScrollView.h in Headers */ = {isa = PBXBuildFile; fileRef = AE8ACC1D15FE6ABE00063F7B /* BGHUDScrollView.h */; };
		AE8ACC5915FE6ABE00063F7B /* BGHUDScrollView.m in Sources */ = {isa = PBXBuildFile; fileRef = AE8ACC1E15FE6ABE00063F7B /* BGHUDScrollView.m */; };
		AE8ACC5A15FE6ABE00063F7B /* BGHUDSearchFieldCell.h in Headers */ = {isa = PBXBuildFile; fileRef = AE8ACC1F15FE6ABE00063F7B /* BGHUDSearchFieldCell.h */; };
		AE8ACC5B15FE6ABE00063F7B /* BGHUDSearchFieldCell.m in Sources */ = {isa = PBXBuildFile; fileRef = AE8ACC2015FE6ABE00063F7B /* BGHUDSearchFieldCell.m */; };
		AE8ACC5C15FE6ABE00063F7B /* BGHUDSecureTextFieldCell.h in Headers */ = {isa = PBXBuildFile; fileRef = AE8ACC2115FE6ABE00063F7B /* BGHUDSecureTextFieldCell.h */; };
		AE8ACC5D15FE6ABE00063F7B /* BGHUDSecureTextFieldCell.m in Sources */ = {isa = PBXBuildFile; fileRef = AE8ACC2215FE6ABE00063F7B /* BGHUDSecureTextFieldCell.m */; };
		AE8ACC5E15FE6ABE00063F7B /* BGHUDSegmentedCell.h in Headers */ = {isa = PBXBuildFile; fileRef = AE8ACC2315FE6ABE00063F7B /* BGHUDSegmentedCell.h */; };
		AE8ACC5F15FE6ABE00063F7B /* BGHUDSegmentedCell.m in Sources */ = {isa = PBXBuildFile; fileRef = AE8ACC2415FE6ABE00063F7B /* BGHUDSegmentedCell.m */; };
		AE8ACC6015FE6ABE00063F7B /* BGHUDSliderCell.h in Headers */ = {isa = PBXBuildFile; fileRef = AE8ACC2515FE6ABE00063F7B /* BGHUDSliderCell.h */; };
		AE8ACC6115FE6ABE00063F7B /* BGHUDSliderCell.m in Sources */ = {isa = PBXBuildFile; fileRef = AE8ACC2615FE6ABE00063F7B /* BGHUDSliderCell.m */; };
		AE8ACC6215FE6ABE00063F7B /* BGHUDStepperCell.h in Headers */ = {isa = PBXBuildFile; fileRef = AE8ACC2715FE6ABE00063F7B /* BGHUDStepperCell.h */; };
		AE8ACC6315FE6ABE00063F7B /* BGHUDStepperCell.m in Sources */ = {isa = PBXBuildFile; fileRef = AE8ACC2815FE6ABE00063F7B /* BGHUDStepperCell.m */; };
		AE8ACC6415FE6ABE00063F7B /* BGHUDTableView.h in Headers */ = {isa = PBXBuildFile; fileRef = AE8ACC2915FE6ABE00063F7B /* BGHUDTableView.h */; };
		AE8ACC6515FE6ABE00063F7B /* BGHUDTableView.m in Sources */ = {isa = PBXBuildFile; fileRef = AE8ACC2A15FE6ABE00063F7B /* BGHUDTableView.m */; };
		AE8ACC6615FE6ABE00063F7B /* BGHUDTableViewHeaderCell.h in Headers */ = {isa = PBXBuildFile; fileRef = AE8ACC2B15FE6ABE00063F7B /* BGHUDTableViewHeaderCell.h */; };
		AE8ACC6715FE6ABE00063F7B /* BGHUDTableViewHeaderCell.m in Sources */ = {isa = PBXBuildFile; fileRef = AE8ACC2C15FE6ABE00063F7B /* BGHUDTableViewHeaderCell.m */; };
		AE8ACC6815FE6ABE00063F7B /* BGHUDTableCornerView.h in Headers */ = {isa = PBXBuildFile; fileRef = AE8ACC2D15FE6ABE00063F7B /* BGHUDTableCornerView.h */; };
		AE8ACC6915FE6ABE00063F7B /* BGHUDTableCornerView.m in Sources */ = {isa = PBXBuildFile; fileRef = AE8ACC2E15FE6ABE00063F7B /* BGHUDTableCornerView.m */; };
		AE8ACC6A15FE6ABE00063F7B /* BGHUDTabViewItem.h in Headers */ = {isa = PBXBuildFile; fileRef = AE8ACC2F15FE6ABE00063F7B /* BGHUDTabViewItem.h */; };
		AE8ACC6B15FE6ABE00063F7B /* BGHUDTabViewItem.m in Sources */ = {isa = PBXBuildFile; fileRef = AE8ACC3015FE6ABE00063F7B /* BGHUDTabViewItem.m */; };
		AE8ACC6C15FE6ABE00063F7B /* BGHUDTabView.h in Headers */ = {isa = PBXBuildFile; fileRef = AE8ACC3115FE6ABE00063F7B /* BGHUDTabView.h */; };
		AE8ACC6D15FE6ABE00063F7B /* BGHUDTabView.m in Sources */ = {isa = PBXBuildFile; fileRef = AE8ACC3215FE6ABE00063F7B /* BGHUDTabView.m */; };
		AE8ACC6E15FE6ABE00063F7B /* BGHUDTextFieldCell.h in Headers */ = {isa = PBXBuildFile; fileRef = AE8ACC3315FE6ABE00063F7B /* BGHUDTextFieldCell.h */; };
		AE8ACC6F15FE6ABE00063F7B /* BGHUDTextFieldCell.m in Sources */ = {isa = PBXBuildFile; fileRef = AE8ACC3415FE6ABE00063F7B /* BGHUDTextFieldCell.m */; };
		AE8ACC7415FE6ABE00063F7B /* BGHUDGeometry.h in Headers */ = {isa = PBXBuildFile; fileRef = AE8ACC3915FE6ABE00063F7B /* BGHUDGeometry.h */; };
		AE8ACC7515FE6ABE00063F7B /* BGHUDCommon.h in Headers */ = {isa = PBXBuildFile; fileRef = AE8ACC3A15FE6ABE00063F7B /* BGHUDCommon.h */; };
		AE8ACC7615FE6ABE00063F7B /* BGHUDCommon.m in Sources */ = {isa = PBXBuildFile; fileRef = AE8ACC3B15FE6ABE00063F7B /* BGHUDCommon.m */; };
		AE8ACC8D15FE6CC200063F7B /* BGHUDAppKit.framework in Frameworks */ = {isa = PBXBuildFile; fileRef = AE8ACBF215FE6A8C00063F7B /* BGHUDAppKit.framework */; };
		AE8ACC8F15FE6CF500063F7B /* BGHUDAppKit.framework in CopyFiles */ = {isa = PBXBuildFile; fileRef = AE8ACBF215FE6A8C00063F7B /* BGHUDAppKit.framework */; };
		AEAD5F5E15D9BF7900562A6B /* CycParameterColourViewController.m in Sources */ = {isa = PBXBuildFile; fileRef = AEAD5F5C15D9BF7900562A6B /* CycParameterColourViewController.m */; };
		AEAD5F5F15D9BF7900562A6B /* CycParameterColourViewController.xib in Resources */ = {isa = PBXBuildFile; fileRef = AEAD5F5D15D9BF7900562A6B /* CycParameterColourViewController.xib */; };
		AEB910E415EABC7C00DEE626 /* Resources in Resources */ = {isa = PBXBuildFile; fileRef = AEB910E315EABC7C00DEE626 /* Resources */; };
		AEB9524D15ED4FFE00C00019 /* CursorLayer.m in Sources */ = {isa = PBXBuildFile; fileRef = AEB9524C15ED4FFE00C00019 /* CursorLayer.m */; };
		AEB9525415ED74D000C00019 /* FilterBrowserView.m in Sources */ = {isa = PBXBuildFile; fileRef = AEB9525315ED74D000C00019 /* FilterBrowserView.m */; };
		AEB9525815ED9D8200C00019 /* FilterBrowserWindowController.m in Sources */ = {isa = PBXBuildFile; fileRef = AEB9525615ED9D8200C00019 /* FilterBrowserWindowController.m */; };
		AEB9525915ED9D8200C00019 /* FilterBrowserWindowController.xib in Resources */ = {isa = PBXBuildFile; fileRef = AEB9525715ED9D8200C00019 /* FilterBrowserWindowController.xib */; };
		AEC028B515A24A0A0033BB3C /* FilterParameter.m in Sources */ = {isa = PBXBuildFile; fileRef = AEC028B415A24A0A0033BB3C /* FilterParameter.m */; };
		AEC3194F161765D40027F14C /* SLFHorizontalLayout.m in Sources */ = {isa = PBXBuildFile; fileRef = AEC3194E161765D40027F14C /* SLFHorizontalLayout.m */; };
		AEDE0C0015F53F6A0058578E /* AVFoundation.framework in Frameworks */ = {isa = PBXBuildFile; fileRef = AEDE0BFF15F53F6A0058578E /* AVFoundation.framework */; };
		AEDE0C0215F562BD0058578E /* CoreMedia.framework in Frameworks */ = {isa = PBXBuildFile; fileRef = AEDE0C0115F562BD0058578E /* CoreMedia.framework */; };
		AEDE0C0515F79A780058578E /* CALayer+Images.m in Sources */ = {isa = PBXBuildFile; fileRef = AEDE0C0415F79A780058578E /* CALayer+Images.m */; };
		AEE0228F160789D8009F4A9F /* FilterItemLayer.m in Sources */ = {isa = PBXBuildFile; fileRef = AEE0228E160789D8009F4A9F /* FilterItemLayer.m */; };
		AEE0229316093F8C009F4A9F /* VideoBrowserView.m in Sources */ = {isa = PBXBuildFile; fileRef = AEE0229216093F8C009F4A9F /* VideoBrowserView.m */; };
		AEE022961609400A009F4A9F /* VideoClipLayer.m in Sources */ = {isa = PBXBuildFile; fileRef = AEE022951609400A009F4A9F /* VideoClipLayer.m */; };
		AEFE46B81605064C006E4122 /* VideoPlayerView.m in Sources */ = {isa = PBXBuildFile; fileRef = AEFE46B71605064C006E4122 /* VideoPlayerView.m */; };
		AEFE46BB16050671006E4122 /* VideoPlayerView.xib in Resources */ = {isa = PBXBuildFile; fileRef = AEFE46BA16050671006E4122 /* VideoPlayerView.xib */; };
		AEFE46BE16052A7F006E4122 /* SLFBox.m in Sources */ = {isa = PBXBuildFile; fileRef = AEFE46BD16052A7F006E4122 /* SLFBox.m */; };
/* End PBXBuildFile section */

/* Begin PBXCopyFilesBuildPhase section */
		AE8ACC8E15FE6CD800063F7B /* CopyFiles */ = {
			isa = PBXCopyFilesBuildPhase;
			buildActionMask = 2147483647;
			dstPath = "";
			dstSubfolderSpec = 10;
			files = (
				AE8ACC8F15FE6CF500063F7B /* BGHUDAppKit.framework in CopyFiles */,
			);
			runOnlyForDeploymentPostprocessing = 0;
		};
/* End PBXCopyFilesBuildPhase section */

/* Begin PBXFileReference section */
		AE051C2D149972B900A8FB07 /* CycFilterUIView.h */ = {isa = PBXFileReference; fileEncoding = 4; lastKnownFileType = sourcecode.c.h; path = CycFilterUIView.h; sourceTree = "<group>"; };
		AE051C2E149972B900A8FB07 /* CycFilterUIView.m */ = {isa = PBXFileReference; fileEncoding = 4; lastKnownFileType = sourcecode.c.objc; path = CycFilterUIView.m; sourceTree = "<group>"; };
		AE051C2F149972B900A8FB07 /* CycParameterLinearViewController.h */ = {isa = PBXFileReference; fileEncoding = 4; lastKnownFileType = sourcecode.c.h; path = CycParameterLinearViewController.h; sourceTree = "<group>"; };
		AE051C30149972B900A8FB07 /* CycParameterLinearViewController.m */ = {isa = PBXFileReference; fileEncoding = 4; lastKnownFileType = sourcecode.c.objc; path = CycParameterLinearViewController.m; sourceTree = "<group>"; };
		AE051C31149972B900A8FB07 /* CycParameterLinearViewController.xib */ = {isa = PBXFileReference; fileEncoding = 4; lastKnownFileType = file.xib; path = CycParameterLinearViewController.xib; sourceTree = "<group>"; };
		AE051C32149972B900A8FB07 /* CycParameterViewController.h */ = {isa = PBXFileReference; fileEncoding = 4; lastKnownFileType = sourcecode.c.h; path = CycParameterViewController.h; sourceTree = "<group>"; };
		AE051C33149972B900A8FB07 /* CycParameterViewController.m */ = {isa = PBXFileReference; fileEncoding = 4; lastKnownFileType = sourcecode.c.objc; path = CycParameterViewController.m; sourceTree = "<group>"; };
		AE051C34149972B900A8FB07 /* CycParameterXYView.h */ = {isa = PBXFileReference; fileEncoding = 4; lastKnownFileType = sourcecode.c.h; path = CycParameterXYView.h; sourceTree = "<group>"; };
		AE051C35149972B900A8FB07 /* CycParameterXYView.m */ = {isa = PBXFileReference; fileEncoding = 4; lastKnownFileType = sourcecode.c.objc; path = CycParameterXYView.m; sourceTree = "<group>"; };
		AE051C36149972B900A8FB07 /* CycParameterXYViewController.h */ = {isa = PBXFileReference; fileEncoding = 4; lastKnownFileType = sourcecode.c.h; path = CycParameterXYViewController.h; sourceTree = "<group>"; };
		AE051C37149972B900A8FB07 /* CycParameterXYViewController.m */ = {isa = PBXFileReference; fileEncoding = 4; lastKnownFileType = sourcecode.c.objc; path = CycParameterXYViewController.m; sourceTree = "<group>"; };
		AE051C38149972B900A8FB07 /* CycParameterXYViewController.xib */ = {isa = PBXFileReference; fileEncoding = 4; lastKnownFileType = file.xib; path = CycParameterXYViewController.xib; sourceTree = "<group>"; };
		AE051C39149972B900A8FB07 /* CycXYView.h */ = {isa = PBXFileReference; fileEncoding = 4; lastKnownFileType = sourcecode.c.h; path = CycXYView.h; sourceTree = "<group>"; };
		AE051C3A149972B900A8FB07 /* CycXYView.m */ = {isa = PBXFileReference; fileEncoding = 4; lastKnownFileType = sourcecode.c.objc; path = CycXYView.m; sourceTree = "<group>"; };
		AE0FDBF0160642BA0000BB9F /* VideoBrowserBox.h */ = {isa = PBXFileReference; fileEncoding = 4; lastKnownFileType = sourcecode.c.h; path = VideoBrowserBox.h; sourceTree = "<group>"; };
		AE0FDBF1160642BA0000BB9F /* VideoBrowserBox.m */ = {isa = PBXFileReference; fileEncoding = 4; lastKnownFileType = sourcecode.c.objc; path = VideoBrowserBox.m; sourceTree = "<group>"; };
		AE0FDBF5160655960000BB9F /* NSBezierPath+MCAdditions.h */ = {isa = PBXFileReference; fileEncoding = 4; lastKnownFileType = sourcecode.c.h; path = "NSBezierPath+MCAdditions.h"; sourceTree = "<group>"; };
		AE0FDBF6160655960000BB9F /* NSBezierPath+MCAdditions.m */ = {isa = PBXFileReference; fileEncoding = 4; lastKnownFileType = sourcecode.c.objc; path = "NSBezierPath+MCAdditions.m"; sourceTree = "<group>"; };
		AE1B441915E6A1F200E20A6F /* FilterItem.h */ = {isa = PBXFileReference; fileEncoding = 4; lastKnownFileType = sourcecode.c.h; path = FilterItem.h; sourceTree = "<group>"; };
		AE1B441A15E6A1F200E20A6F /* FilterItem.m */ = {isa = PBXFileReference; fileEncoding = 4; lastKnownFileType = sourcecode.c.objc; path = FilterItem.m; sourceTree = "<group>"; };
		AE48C43C15E6D26B00733AAC /* FilterModel.h */ = {isa = PBXFileReference; fileEncoding = 4; lastKnownFileType = sourcecode.c.h; path = FilterModel.h; sourceTree = "<group>"; };
		AE48C43D15E6D26B00733AAC /* FilterModel.m */ = {isa = PBXFileReference; fileEncoding = 4; lastKnownFileType = sourcecode.c.objc; path = FilterModel.m; sourceTree = "<group>"; };
		AE5DB0B115E9734D00C4C720 /* FilterItemView.h */ = {isa = PBXFileReference; fileEncoding = 4; lastKnownFileType = sourcecode.c.h; path = FilterItemView.h; sourceTree = "<group>"; };
		AE5DB0B215E9734D00C4C720 /* FilterItemView.m */ = {isa = PBXFileReference; fileEncoding = 4; lastKnownFileType = sourcecode.c.objc; path = FilterItemView.m; sourceTree = "<group>"; };
		AE6861011606174C009C9694 /* FilterBrowserBox.h */ = {isa = PBXFileReference; fileEncoding = 4; lastKnownFileType = sourcecode.c.h; path = FilterBrowserBox.h; sourceTree = "<group>"; };
		AE6861021606174C009C9694 /* FilterBrowserBox.m */ = {isa = PBXFileReference; fileEncoding = 4; lastKnownFileType = sourcecode.c.objc; path = FilterBrowserBox.m; sourceTree = "<group>"; };
		AE7D6677147561B80099875F /* Cyclorama.app */ = {isa = PBXFileReference; explicitFileType = wrapper.application; includeInIndex = 0; path = Cyclorama.app; sourceTree = BUILT_PRODUCTS_DIR; };
		AE7D667B147561B80099875F /* Cocoa.framework */ = {isa = PBXFileReference; lastKnownFileType = wrapper.framework; name = Cocoa.framework; path = System/Library/Frameworks/Cocoa.framework; sourceTree = SDKROOT; };
		AE7D667E147561B80099875F /* AppKit.framework */ = {isa = PBXFileReference; lastKnownFileType = wrapper.framework; name = AppKit.framework; path = System/Library/Frameworks/AppKit.framework; sourceTree = SDKROOT; };
		AE7D667F147561B80099875F /* CoreData.framework */ = {isa = PBXFileReference; lastKnownFileType = wrapper.framework; name = CoreData.framework; path = System/Library/Frameworks/CoreData.framework; sourceTree = SDKROOT; };
		AE7D6680147561B80099875F /* Foundation.framework */ = {isa = PBXFileReference; lastKnownFileType = wrapper.framework; name = Foundation.framework; path = System/Library/Frameworks/Foundation.framework; sourceTree = SDKROOT; };
		AE7D6683147561B80099875F /* Cyclorama-Info.plist */ = {isa = PBXFileReference; lastKnownFileType = text.plist.xml; path = "Cyclorama-Info.plist"; sourceTree = "<group>"; };
		AE7D6685147561B80099875F /* en */ = {isa = PBXFileReference; lastKnownFileType = text.plist.strings; name = en; path = en.lproj/InfoPlist.strings; sourceTree = "<group>"; };
		AE7D6687147561B80099875F /* main.m */ = {isa = PBXFileReference; lastKnownFileType = sourcecode.c.objc; path = main.m; sourceTree = "<group>"; };
		AE7D668B147561B90099875F /* en */ = {isa = PBXFileReference; lastKnownFileType = text.rtf; name = en; path = en.lproj/Credits.rtf; sourceTree = "<group>"; };
		AE7D669B147562080099875F /* ActorFilter.h */ = {isa = PBXFileReference; fileEncoding = 4; lastKnownFileType = sourcecode.c.h; path = ActorFilter.h; sourceTree = "<group>"; };
		AE7D669C147562080099875F /* ActorFilter.m */ = {isa = PBXFileReference; fileEncoding = 4; lastKnownFileType = sourcecode.c.objc; path = ActorFilter.m; sourceTree = "<group>"; };
		AE7D669D147562080099875F /* CycAppDelegate.h */ = {isa = PBXFileReference; fileEncoding = 4; lastKnownFileType = sourcecode.c.h; path = CycAppDelegate.h; sourceTree = "<group>"; };
		AE7D669E147562080099875F /* CycAppDelegate.m */ = {isa = PBXFileReference; fileEncoding = 4; lastKnownFileType = sourcecode.c.objc; path = CycAppDelegate.m; sourceTree = "<group>"; };
		AE7D669F147562080099875F /* CycDocument.h */ = {isa = PBXFileReference; fileEncoding = 4; lastKnownFileType = sourcecode.c.h; path = CycDocument.h; sourceTree = "<group>"; };
		AE7D66A0147562080099875F /* CycDocument.m */ = {isa = PBXFileReference; fileEncoding = 4; lastKnownFileType = sourcecode.c.objc; path = CycDocument.m; sourceTree = "<group>"; };
		AE7D66A1147562080099875F /* MIDIWatcher.h */ = {isa = PBXFileReference; fileEncoding = 4; lastKnownFileType = sourcecode.c.h; path = MIDIWatcher.h; sourceTree = "<group>"; };
		AE7D66A2147562080099875F /* MIDIWatcher.m */ = {isa = PBXFileReference; fileEncoding = 4; lastKnownFileType = sourcecode.c.objc; path = MIDIWatcher.m; sourceTree = "<group>"; };
		AE7D66A3147562080099875F /* NSString+UUID.h */ = {isa = PBXFileReference; fileEncoding = 4; lastKnownFileType = sourcecode.c.h; path = "NSString+UUID.h"; sourceTree = "<group>"; };
		AE7D66A4147562080099875F /* NSString+UUID.m */ = {isa = PBXFileReference; fileEncoding = 4; lastKnownFileType = sourcecode.c.objc; path = "NSString+UUID.m"; sourceTree = "<group>"; };
		AE7D66A5147562080099875F /* SharedTypes.h */ = {isa = PBXFileReference; fileEncoding = 4; lastKnownFileType = sourcecode.c.h; path = SharedTypes.h; sourceTree = "<group>"; };
		AE7D66A6147562080099875F /* SharedTypes.m */ = {isa = PBXFileReference; fileEncoding = 4; lastKnownFileType = sourcecode.c.objc; path = SharedTypes.m; sourceTree = "<group>"; };
		AE7D66A7147562080099875F /* StageView.h */ = {isa = PBXFileReference; fileEncoding = 4; lastKnownFileType = sourcecode.c.h; path = StageView.h; sourceTree = "<group>"; };
		AE7D66A8147562080099875F /* StageView.m */ = {isa = PBXFileReference; fileEncoding = 4; lastKnownFileType = sourcecode.c.objc; path = StageView.m; sourceTree = "<group>"; };
		AE7D66A9147562080099875F /* utils.h */ = {isa = PBXFileReference; fileEncoding = 4; lastKnownFileType = sourcecode.c.h; path = utils.h; sourceTree = "<group>"; };
		AE7D66AA147562080099875F /* utils.m */ = {isa = PBXFileReference; fileEncoding = 4; lastKnownFileType = sourcecode.c.objc; path = utils.m; sourceTree = "<group>"; };
		AE7D66AB147562080099875F /* VideoClip.h */ = {isa = PBXFileReference; fileEncoding = 4; lastKnownFileType = sourcecode.c.h; path = VideoClip.h; sourceTree = "<group>"; };
		AE7D66AC147562080099875F /* VideoClip.m */ = {isa = PBXFileReference; fileEncoding = 4; lastKnownFileType = sourcecode.c.objc; path = VideoClip.m; sourceTree = "<group>"; };
		AE7D66AD147562080099875F /* VideoClipCell.h */ = {isa = PBXFileReference; fileEncoding = 4; lastKnownFileType = sourcecode.c.h; path = VideoClipCell.h; sourceTree = "<group>"; };
		AE7D66AE147562080099875F /* VideoClipCell.m */ = {isa = PBXFileReference; fileEncoding = 4; lastKnownFileType = sourcecode.c.objc; path = VideoClipCell.m; sourceTree = "<group>"; };
		AE7D66AF147562080099875F /* VideoClipCollectionItemView.h */ = {isa = PBXFileReference; fileEncoding = 4; lastKnownFileType = sourcecode.c.h; path = VideoClipCollectionItemView.h; sourceTree = "<group>"; };
		AE7D66B0147562080099875F /* VideoClipCollectionItemView.m */ = {isa = PBXFileReference; fileEncoding = 4; lastKnownFileType = sourcecode.c.objc; path = VideoClipCollectionItemView.m; sourceTree = "<group>"; };
		AE7D66B1147562080099875F /* VideoClipCollectionView.h */ = {isa = PBXFileReference; fileEncoding = 4; lastKnownFileType = sourcecode.c.h; path = VideoClipCollectionView.h; sourceTree = "<group>"; };
		AE7D66B2147562080099875F /* VideoClipCollectionView.m */ = {isa = PBXFileReference; fileEncoding = 4; lastKnownFileType = sourcecode.c.objc; path = VideoClipCollectionView.m; sourceTree = "<group>"; };
		AE7D66B3147562080099875F /* VideoClipController.h */ = {isa = PBXFileReference; fileEncoding = 4; lastKnownFileType = sourcecode.c.h; path = VideoClipController.h; sourceTree = "<group>"; };
		AE7D66B4147562080099875F /* VideoClipController.m */ = {isa = PBXFileReference; fileEncoding = 4; lastKnownFileType = sourcecode.c.objc; path = VideoClipController.m; sourceTree = "<group>"; };
		AE7D66B7147562080099875F /* VideoClipView.h */ = {isa = PBXFileReference; fileEncoding = 4; lastKnownFileType = sourcecode.c.h; path = VideoClipView.h; sourceTree = "<group>"; };
		AE7D66B8147562080099875F /* VideoClipView.m */ = {isa = PBXFileReference; fileEncoding = 4; lastKnownFileType = sourcecode.c.objc; path = VideoClipView.m; sourceTree = "<group>"; };
		AE7D66B9147562080099875F /* VideoLayer.h */ = {isa = PBXFileReference; fileEncoding = 4; lastKnownFileType = sourcecode.c.h; path = VideoLayer.h; sourceTree = "<group>"; };
		AE7D66BA147562080099875F /* VideoLayer.m */ = {isa = PBXFileReference; fileEncoding = 4; lastKnownFileType = sourcecode.c.objc; path = VideoLayer.m; sourceTree = "<group>"; };
		AE7D66CB1475622F0099875F /* Cyclorama-Prefix.pch */ = {isa = PBXFileReference; fileEncoding = 4; lastKnownFileType = sourcecode.c.h; path = "Cyclorama-Prefix.pch"; sourceTree = "<group>"; };
		AE7D66CC147562FA0099875F /* CycArrayController.h */ = {isa = PBXFileReference; fileEncoding = 4; lastKnownFileType = sourcecode.c.h; path = CycArrayController.h; sourceTree = "<group>"; };
		AE7D66CD147562FA0099875F /* CycArrayController.m */ = {isa = PBXFileReference; fileEncoding = 4; lastKnownFileType = sourcecode.c.objc; path = CycArrayController.m; sourceTree = "<group>"; };
		AE7D66CF147563140099875F /* CoreMIDI.framework */ = {isa = PBXFileReference; lastKnownFileType = wrapper.framework; name = CoreMIDI.framework; path = System/Library/Frameworks/CoreMIDI.framework; sourceTree = SDKROOT; };
		AE7D66D3147563910099875F /* Quartz.framework */ = {isa = PBXFileReference; lastKnownFileType = wrapper.framework; name = Quartz.framework; path = System/Library/Frameworks/Quartz.framework; sourceTree = SDKROOT; };
		AE7D66D4147563910099875F /* QuartzCore.framework */ = {isa = PBXFileReference; lastKnownFileType = wrapper.framework; name = QuartzCore.framework; path = System/Library/Frameworks/QuartzCore.framework; sourceTree = SDKROOT; };
		AE7D66DD147566380099875F /* CycDocument.xib */ = {isa = PBXFileReference; fileEncoding = 4; lastKnownFileType = file.xib; path = CycDocument.xib; sourceTree = "<group>"; };
		AE7D66DE147566380099875F /* MainMenu.xib */ = {isa = PBXFileReference; fileEncoding = 4; lastKnownFileType = file.xib; path = MainMenu.xib; sourceTree = "<group>"; };
		AE86852C160DEE2000A5A3E1 /* SLFBoxDelegate.h */ = {isa = PBXFileReference; lastKnownFileType = sourcecode.c.h; path = SLFBoxDelegate.h; sourceTree = "<group>"; };
		AE8ACBBA15FD0D0200063F7B /* SLFBlackWindow.h */ = {isa = PBXFileReference; fileEncoding = 4; lastKnownFileType = sourcecode.c.h; path = SLFBlackWindow.h; sourceTree = "<group>"; };
		AE8ACBBB15FD0D0200063F7B /* SLFBlackWindow.m */ = {isa = PBXFileReference; fileEncoding = 4; lastKnownFileType = sourcecode.c.objc; path = SLFBlackWindow.m; sourceTree = "<group>"; };
		AE8ACBBE15FD3AD700063F7B /* VideoBrowserWindowController.h */ = {isa = PBXFileReference; fileEncoding = 4; lastKnownFileType = sourcecode.c.h; path = VideoBrowserWindowController.h; sourceTree = "<group>"; };
		AE8ACBBF15FD3AD700063F7B /* VideoBrowserWindowController.m */ = {isa = PBXFileReference; fileEncoding = 4; lastKnownFileType = sourcecode.c.objc; path = VideoBrowserWindowController.m; sourceTree = "<group>"; };
		AE8ACBC015FD3AD700063F7B /* VideoBrowserWindowController.xib */ = {isa = PBXFileReference; fileEncoding = 4; lastKnownFileType = file.xib; path = VideoBrowserWindowController.xib; sourceTree = "<group>"; };
		AE8ACBC915FE136D00063F7B /* PXListView.h */ = {isa = PBXFileReference; lastKnownFileType = sourcecode.c.h; path = PXListView.h; sourceTree = "<group>"; };
		AE8ACBCA15FE136D00063F7B /* PXListView.m */ = {isa = PBXFileReference; lastKnownFileType = sourcecode.c.objc; path = PXListView.m; sourceTree = "<group>"; };
		AE8ACBCB15FE136D00063F7B /* PXListView+Private.h */ = {isa = PBXFileReference; lastKnownFileType = sourcecode.c.h; path = "PXListView+Private.h"; sourceTree = "<group>"; };
		AE8ACBCC15FE136D00063F7B /* PXListViewDelegate.h */ = {isa = PBXFileReference; lastKnownFileType = sourcecode.c.h; path = PXListViewDelegate.h; sourceTree = "<group>"; };
		AE8ACBCD15FE136D00063F7B /* PXListView+UserInteraction.h */ = {isa = PBXFileReference; lastKnownFileType = sourcecode.c.h; path = "PXListView+UserInteraction.h"; sourceTree = "<group>"; };
		AE8ACBCE15FE136D00063F7B /* PXListView+UserInteraction.m */ = {isa = PBXFileReference; lastKnownFileType = sourcecode.c.objc; path = "PXListView+UserInteraction.m"; sourceTree = "<group>"; };
		AE8ACBCF15FE136D00063F7B /* PXListViewDropHighlight.h */ = {isa = PBXFileReference; lastKnownFileType = sourcecode.c.h; path = PXListViewDropHighlight.h; sourceTree = "<group>"; };
		AE8ACBD015FE136D00063F7B /* PXListViewCell.h */ = {isa = PBXFileReference; lastKnownFileType = sourcecode.c.h; path = PXListViewCell.h; sourceTree = "<group>"; };
		AE8ACBD115FE136D00063F7B /* PXListViewCell.m */ = {isa = PBXFileReference; lastKnownFileType = sourcecode.c.objc; path = PXListViewCell.m; sourceTree = "<group>"; };
		AE8ACBD215FE136D00063F7B /* PXListViewCell+Private.h */ = {isa = PBXFileReference; lastKnownFileType = sourcecode.c.h; path = "PXListViewCell+Private.h"; sourceTree = "<group>"; };
		AE8ACBD315FE136D00063F7B /* PXListDocumentView.h */ = {isa = PBXFileReference; lastKnownFileType = sourcecode.c.h; path = PXListDocumentView.h; sourceTree = "<group>"; };
		AE8ACBD415FE136D00063F7B /* PXListDocumentView.m */ = {isa = PBXFileReference; lastKnownFileType = sourcecode.c.objc; path = PXListDocumentView.m; sourceTree = "<group>"; };
		AE8ACBDD15FE476300063F7B /* VideoBrowserCell.h */ = {isa = PBXFileReference; fileEncoding = 4; lastKnownFileType = sourcecode.c.h; path = VideoBrowserCell.h; sourceTree = "<group>"; };
		AE8ACBDE15FE476300063F7B /* VideoBrowserCell.m */ = {isa = PBXFileReference; fileEncoding = 4; lastKnownFileType = sourcecode.c.objc; path = VideoBrowserCell.m; sourceTree = "<group>"; };
		AE8ACBE015FE49A300063F7B /* VideoBrowserCell.xib */ = {isa = PBXFileReference; fileEncoding = 4; lastKnownFileType = file.xib; path = VideoBrowserCell.xib; sourceTree = "<group>"; };
		AE8ACBF215FE6A8C00063F7B /* BGHUDAppKit.framework */ = {isa = PBXFileReference; explicitFileType = wrapper.framework; includeInIndex = 0; path = BGHUDAppKit.framework; sourceTree = BUILT_PRODUCTS_DIR; };
		AE8ACBF615FE6A8C00063F7B /* BGHUDAppKit-Info.plist */ = {isa = PBXFileReference; lastKnownFileType = text.plist.xml; path = "BGHUDAppKit-Info.plist"; sourceTree = "<group>"; };
		AE8ACBF815FE6A8C00063F7B /* en */ = {isa = PBXFileReference; lastKnownFileType = text.plist.strings; name = en; path = en.lproj/InfoPlist.strings; sourceTree = "<group>"; };
		AE8ACBFA15FE6A8C00063F7B /* BGHUDAppKit-Prefix.pch */ = {isa = PBXFileReference; lastKnownFileType = sourcecode.c.h; path = "BGHUDAppKit-Prefix.pch"; sourceTree = "<group>"; };
		AE8ACC0115FE6ABE00063F7B /* BGHUDBox.h */ = {isa = PBXFileReference; fileEncoding = 4; lastKnownFileType = sourcecode.c.h; path = BGHUDBox.h; sourceTree = "<group>"; };
		AE8ACC0215FE6ABE00063F7B /* BGHUDBox.m */ = {isa = PBXFileReference; fileEncoding = 4; lastKnownFileType = sourcecode.c.objc; path = BGHUDBox.m; sourceTree = "<group>"; };
		AE8ACC0315FE6ABE00063F7B /* BGHUDView.h */ = {isa = PBXFileReference; fileEncoding = 4; lastKnownFileType = sourcecode.c.h; path = BGHUDView.h; sourceTree = "<group>"; };
		AE8ACC0415FE6ABE00063F7B /* BGHUDView.m */ = {isa = PBXFileReference; fileEncoding = 4; lastKnownFileType = sourcecode.c.objc; path = BGHUDView.m; sourceTree = "<group>"; };
		AE8ACC0515FE6ABE00063F7B /* BGHUDComboBoxCell.h */ = {isa = PBXFileReference; fileEncoding = 4; lastKnownFileType = sourcecode.c.h; path = BGHUDComboBoxCell.h; sourceTree = "<group>"; };
		AE8ACC0615FE6ABE00063F7B /* BGHUDComboBoxCell.m */ = {isa = PBXFileReference; fileEncoding = 4; lastKnownFileType = sourcecode.c.objc; path = BGHUDComboBoxCell.m; sourceTree = "<group>"; };
		AE8ACC0715FE6ABE00063F7B /* README.textile */ = {isa = PBXFileReference; fileEncoding = 4; lastKnownFileType = text; path = README.textile; sourceTree = "<group>"; };
		AE8ACC0815FE6ABE00063F7B /* BGHUDAppKit.h */ = {isa = PBXFileReference; fileEncoding = 4; lastKnownFileType = sourcecode.c.h; path = BGHUDAppKit.h; sourceTree = "<group>"; };
		AE8ACC0915FE6ABE00063F7B /* BGGradientTheme.h */ = {isa = PBXFileReference; fileEncoding = 4; lastKnownFileType = sourcecode.c.h; path = BGGradientTheme.h; sourceTree = "<group>"; };
		AE8ACC0A15FE6ABE00063F7B /* BGGradientTheme.m */ = {isa = PBXFileReference; fileEncoding = 4; lastKnownFileType = sourcecode.c.objc; path = BGGradientTheme.m; sourceTree = "<group>"; };
		AE8ACC0B15FE6ABE00063F7B /* BGTheme.h */ = {isa = PBXFileReference; fileEncoding = 4; lastKnownFileType = sourcecode.c.h; path = BGTheme.h; sourceTree = "<group>"; };
		AE8ACC0C15FE6ABE00063F7B /* BGTheme.m */ = {isa = PBXFileReference; fileEncoding = 4; lastKnownFileType = sourcecode.c.objc; path = BGTheme.m; sourceTree = "<group>"; };
		AE8ACC0D15FE6ABE00063F7B /* BGThemeManager.h */ = {isa = PBXFileReference; fileEncoding = 4; lastKnownFileType = sourcecode.c.h; path = BGThemeManager.h; sourceTree = "<group>"; };
		AE8ACC0E15FE6ABE00063F7B /* BGThemeManager.m */ = {isa = PBXFileReference; fileEncoding = 4; lastKnownFileType = sourcecode.c.objc; path = BGThemeManager.m; sourceTree = "<group>"; };
		AE8ACC0F15FE6ABE00063F7B /* BGHUDButtonCell.h */ = {isa = PBXFileReference; fileEncoding = 4; lastKnownFileType = sourcecode.c.h; path = BGHUDButtonCell.h; sourceTree = "<group>"; };
		AE8ACC1015FE6ABE00063F7B /* BGHUDButtonCell.m */ = {isa = PBXFileReference; fileEncoding = 4; lastKnownFileType = sourcecode.c.objc; path = BGHUDButtonCell.m; sourceTree = "<group>"; };
		AE8ACC1115FE6ABE00063F7B /* BGHUDColorWell.h */ = {isa = PBXFileReference; fileEncoding = 4; lastKnownFileType = sourcecode.c.h; path = BGHUDColorWell.h; sourceTree = "<group>"; };
		AE8ACC1215FE6ABE00063F7B /* BGHUDColorWell.m */ = {isa = PBXFileReference; fileEncoding = 4; lastKnownFileType = sourcecode.c.objc; path = BGHUDColorWell.m; sourceTree = "<group>"; };
		AE8ACC1315FE6ABE00063F7B /* BGHUDLabel.h */ = {isa = PBXFileReference; fileEncoding = 4; lastKnownFileType = sourcecode.c.h; path = BGHUDLabel.h; sourceTree = "<group>"; };
		AE8ACC1415FE6ABE00063F7B /* BGHUDLabel.m */ = {isa = PBXFileReference; fileEncoding = 4; lastKnownFileType = sourcecode.c.objc; path = BGHUDLabel.m; sourceTree = "<group>"; };
		AE8ACC1515FE6ABE00063F7B /* BGHUDOutlineView.h */ = {isa = PBXFileReference; fileEncoding = 4; lastKnownFileType = sourcecode.c.h; path = BGHUDOutlineView.h; sourceTree = "<group>"; };
		AE8ACC1615FE6ABE00063F7B /* BGHUDOutlineView.m */ = {isa = PBXFileReference; fileEncoding = 4; lastKnownFileType = sourcecode.c.objc; path = BGHUDOutlineView.m; sourceTree = "<group>"; };
		AE8ACC1715FE6ABE00063F7B /* BGHUDPopUpButtonCell.h */ = {isa = PBXFileReference; fileEncoding = 4; lastKnownFileType = sourcecode.c.h; path = BGHUDPopUpButtonCell.h; sourceTree = "<group>"; };
		AE8ACC1815FE6ABE00063F7B /* BGHUDPopUpButtonCell.m */ = {isa = PBXFileReference; fileEncoding = 4; lastKnownFileType = sourcecode.c.objc; path = BGHUDPopUpButtonCell.m; sourceTree = "<group>"; };
		AE8ACC1915FE6ABE00063F7B /* BGHUDProgressIndicator.h */ = {isa = PBXFileReference; fileEncoding = 4; lastKnownFileType = sourcecode.c.h; path = BGHUDProgressIndicator.h; sourceTree = "<group>"; };
		AE8ACC1A15FE6ABE00063F7B /* BGHUDProgressIndicator.m */ = {isa = PBXFileReference; fileEncoding = 4; lastKnownFileType = sourcecode.c.objc; path = BGHUDProgressIndicator.m; sourceTree = "<group>"; };
		AE8ACC1B15FE6ABE00063F7B /* BGHUDScroller.h */ = {isa = PBXFileReference; fileEncoding = 4; lastKnownFileType = sourcecode.c.h; path = BGHUDScroller.h; sourceTree = "<group>"; };
		AE8ACC1C15FE6ABE00063F7B /* BGHUDScroller.m */ = {isa = PBXFileReference; fileEncoding = 4; lastKnownFileType = sourcecode.c.objc; path = BGHUDScroller.m; sourceTree = "<group>"; };
		AE8ACC1D15FE6ABE00063F7B /* BGHUDScrollView.h */ = {isa = PBXFileReference; fileEncoding = 4; lastKnownFileType = sourcecode.c.h; path = BGHUDScrollView.h; sourceTree = "<group>"; };
		AE8ACC1E15FE6ABE00063F7B /* BGHUDScrollView.m */ = {isa = PBXFileReference; fileEncoding = 4; lastKnownFileType = sourcecode.c.objc; path = BGHUDScrollView.m; sourceTree = "<group>"; };
		AE8ACC1F15FE6ABE00063F7B /* BGHUDSearchFieldCell.h */ = {isa = PBXFileReference; fileEncoding = 4; lastKnownFileType = sourcecode.c.h; path = BGHUDSearchFieldCell.h; sourceTree = "<group>"; };
		AE8ACC2015FE6ABE00063F7B /* BGHUDSearchFieldCell.m */ = {isa = PBXFileReference; fileEncoding = 4; lastKnownFileType = sourcecode.c.objc; path = BGHUDSearchFieldCell.m; sourceTree = "<group>"; };
		AE8ACC2115FE6ABE00063F7B /* BGHUDSecureTextFieldCell.h */ = {isa = PBXFileReference; fileEncoding = 4; lastKnownFileType = sourcecode.c.h; path = BGHUDSecureTextFieldCell.h; sourceTree = "<group>"; };
		AE8ACC2215FE6ABE00063F7B /* BGHUDSecureTextFieldCell.m */ = {isa = PBXFileReference; fileEncoding = 4; lastKnownFileType = sourcecode.c.objc; path = BGHUDSecureTextFieldCell.m; sourceTree = "<group>"; };
		AE8ACC2315FE6ABE00063F7B /* BGHUDSegmentedCell.h */ = {isa = PBXFileReference; fileEncoding = 4; lastKnownFileType = sourcecode.c.h; path = BGHUDSegmentedCell.h; sourceTree = "<group>"; };
		AE8ACC2415FE6ABE00063F7B /* BGHUDSegmentedCell.m */ = {isa = PBXFileReference; fileEncoding = 4; lastKnownFileType = sourcecode.c.objc; path = BGHUDSegmentedCell.m; sourceTree = "<group>"; };
		AE8ACC2515FE6ABE00063F7B /* BGHUDSliderCell.h */ = {isa = PBXFileReference; fileEncoding = 4; lastKnownFileType = sourcecode.c.h; path = BGHUDSliderCell.h; sourceTree = "<group>"; };
		AE8ACC2615FE6ABE00063F7B /* BGHUDSliderCell.m */ = {isa = PBXFileReference; fileEncoding = 4; lastKnownFileType = sourcecode.c.objc; path = BGHUDSliderCell.m; sourceTree = "<group>"; };
		AE8ACC2715FE6ABE00063F7B /* BGHUDStepperCell.h */ = {isa = PBXFileReference; fileEncoding = 4; lastKnownFileType = sourcecode.c.h; path = BGHUDStepperCell.h; sourceTree = "<group>"; };
		AE8ACC2815FE6ABE00063F7B /* BGHUDStepperCell.m */ = {isa = PBXFileReference; fileEncoding = 4; lastKnownFileType = sourcecode.c.objc; path = BGHUDStepperCell.m; sourceTree = "<group>"; };
		AE8ACC2915FE6ABE00063F7B /* BGHUDTableView.h */ = {isa = PBXFileReference; fileEncoding = 4; lastKnownFileType = sourcecode.c.h; path = BGHUDTableView.h; sourceTree = "<group>"; };
		AE8ACC2A15FE6ABE00063F7B /* BGHUDTableView.m */ = {isa = PBXFileReference; fileEncoding = 4; lastKnownFileType = sourcecode.c.objc; path = BGHUDTableView.m; sourceTree = "<group>"; };
		AE8ACC2B15FE6ABE00063F7B /* BGHUDTableViewHeaderCell.h */ = {isa = PBXFileReference; fileEncoding = 4; lastKnownFileType = sourcecode.c.h; path = BGHUDTableViewHeaderCell.h; sourceTree = "<group>"; };
		AE8ACC2C15FE6ABE00063F7B /* BGHUDTableViewHeaderCell.m */ = {isa = PBXFileReference; fileEncoding = 4; lastKnownFileType = sourcecode.c.objc; path = BGHUDTableViewHeaderCell.m; sourceTree = "<group>"; };
		AE8ACC2D15FE6ABE00063F7B /* BGHUDTableCornerView.h */ = {isa = PBXFileReference; fileEncoding = 4; lastKnownFileType = sourcecode.c.h; path = BGHUDTableCornerView.h; sourceTree = "<group>"; };
		AE8ACC2E15FE6ABE00063F7B /* BGHUDTableCornerView.m */ = {isa = PBXFileReference; fileEncoding = 4; lastKnownFileType = sourcecode.c.objc; path = BGHUDTableCornerView.m; sourceTree = "<group>"; };
		AE8ACC2F15FE6ABE00063F7B /* BGHUDTabViewItem.h */ = {isa = PBXFileReference; fileEncoding = 4; lastKnownFileType = sourcecode.c.h; path = BGHUDTabViewItem.h; sourceTree = "<group>"; };
		AE8ACC3015FE6ABE00063F7B /* BGHUDTabViewItem.m */ = {isa = PBXFileReference; fileEncoding = 4; lastKnownFileType = sourcecode.c.objc; path = BGHUDTabViewItem.m; sourceTree = "<group>"; };
		AE8ACC3115FE6ABE00063F7B /* BGHUDTabView.h */ = {isa = PBXFileReference; fileEncoding = 4; lastKnownFileType = sourcecode.c.h; path = BGHUDTabView.h; sourceTree = "<group>"; };
		AE8ACC3215FE6ABE00063F7B /* BGHUDTabView.m */ = {isa = PBXFileReference; fileEncoding = 4; lastKnownFileType = sourcecode.c.objc; path = BGHUDTabView.m; sourceTree = "<group>"; };
		AE8ACC3315FE6ABE00063F7B /* BGHUDTextFieldCell.h */ = {isa = PBXFileReference; fileEncoding = 4; lastKnownFileType = sourcecode.c.h; path = BGHUDTextFieldCell.h; sourceTree = "<group>"; };
		AE8ACC3415FE6ABE00063F7B /* BGHUDTextFieldCell.m */ = {isa = PBXFileReference; fileEncoding = 4; lastKnownFileType = sourcecode.c.objc; path = BGHUDTextFieldCell.m; sourceTree = "<group>"; };
		AE8ACC3915FE6ABE00063F7B /* BGHUDGeometry.h */ = {isa = PBXFileReference; fileEncoding = 4; lastKnownFileType = sourcecode.c.h; path = BGHUDGeometry.h; sourceTree = "<group>"; };
		AE8ACC3A15FE6ABE00063F7B /* BGHUDCommon.h */ = {isa = PBXFileReference; fileEncoding = 4; lastKnownFileType = sourcecode.c.h; path = BGHUDCommon.h; sourceTree = "<group>"; };
		AE8ACC3B15FE6ABE00063F7B /* BGHUDCommon.m */ = {isa = PBXFileReference; fileEncoding = 4; lastKnownFileType = sourcecode.c.objc; path = BGHUDCommon.m; sourceTree = "<group>"; };
		AEAD5F5B15D9BF7900562A6B /* CycParameterColourViewController.h */ = {isa = PBXFileReference; fileEncoding = 4; lastKnownFileType = sourcecode.c.h; path = CycParameterColourViewController.h; sourceTree = "<group>"; };
		AEAD5F5C15D9BF7900562A6B /* CycParameterColourViewController.m */ = {isa = PBXFileReference; fileEncoding = 4; lastKnownFileType = sourcecode.c.objc; path = CycParameterColourViewController.m; sourceTree = "<group>"; };
		AEAD5F5D15D9BF7900562A6B /* CycParameterColourViewController.xib */ = {isa = PBXFileReference; fileEncoding = 4; lastKnownFileType = file.xib; path = CycParameterColourViewController.xib; sourceTree = "<group>"; };
		AEB910E315EABC7C00DEE626 /* Resources */ = {isa = PBXFileReference; lastKnownFileType = folder; path = Resources; sourceTree = "<group>"; };
		AEB9524B15ED4FFE00C00019 /* CursorLayer.h */ = {isa = PBXFileReference; fileEncoding = 4; lastKnownFileType = sourcecode.c.h; path = CursorLayer.h; sourceTree = "<group>"; };
		AEB9524C15ED4FFE00C00019 /* CursorLayer.m */ = {isa = PBXFileReference; fileEncoding = 4; lastKnownFileType = sourcecode.c.objc; path = CursorLayer.m; sourceTree = "<group>"; };
		AEB9525215ED74D000C00019 /* FilterBrowserView.h */ = {isa = PBXFileReference; fileEncoding = 4; lastKnownFileType = sourcecode.c.h; path = FilterBrowserView.h; sourceTree = "<group>"; };
		AEB9525315ED74D000C00019 /* FilterBrowserView.m */ = {isa = PBXFileReference; fileEncoding = 4; lastKnownFileType = sourcecode.c.objc; path = FilterBrowserView.m; sourceTree = "<group>"; };
		AEB9525515ED9D8200C00019 /* FilterBrowserWindowController.h */ = {isa = PBXFileReference; fileEncoding = 4; lastKnownFileType = sourcecode.c.h; path = FilterBrowserWindowController.h; sourceTree = "<group>"; };
		AEB9525615ED9D8200C00019 /* FilterBrowserWindowController.m */ = {isa = PBXFileReference; fileEncoding = 4; lastKnownFileType = sourcecode.c.objc; path = FilterBrowserWindowController.m; sourceTree = "<group>"; };
		AEB9525715ED9D8200C00019 /* FilterBrowserWindowController.xib */ = {isa = PBXFileReference; fileEncoding = 4; lastKnownFileType = file.xib; path = FilterBrowserWindowController.xib; sourceTree = "<group>"; };
		AEC028B315A24A0A0033BB3C /* FilterParameter.h */ = {isa = PBXFileReference; fileEncoding = 4; lastKnownFileType = sourcecode.c.h; path = FilterParameter.h; sourceTree = "<group>"; };
		AEC028B415A24A0A0033BB3C /* FilterParameter.m */ = {isa = PBXFileReference; fileEncoding = 4; lastKnownFileType = sourcecode.c.objc; path = FilterParameter.m; sourceTree = "<group>"; };
		AEC3194D161765D40027F14C /* SLFHorizontalLayout.h */ = {isa = PBXFileReference; fileEncoding = 4; lastKnownFileType = sourcecode.c.h; path = SLFHorizontalLayout.h; sourceTree = "<group>"; };
		AEC3194E161765D40027F14C /* SLFHorizontalLayout.m */ = {isa = PBXFileReference; fileEncoding = 4; lastKnownFileType = sourcecode.c.objc; path = SLFHorizontalLayout.m; sourceTree = "<group>"; };
		AEDE0BFF15F53F6A0058578E /* AVFoundation.framework */ = {isa = PBXFileReference; lastKnownFileType = wrapper.framework; name = AVFoundation.framework; path = System/Library/Frameworks/AVFoundation.framework; sourceTree = SDKROOT; };
		AEDE0C0115F562BD0058578E /* CoreMedia.framework */ = {isa = PBXFileReference; lastKnownFileType = wrapper.framework; name = CoreMedia.framework; path = System/Library/Frameworks/CoreMedia.framework; sourceTree = SDKROOT; };
		AEDE0C0315F79A780058578E /* CALayer+Images.h */ = {isa = PBXFileReference; fileEncoding = 4; lastKnownFileType = sourcecode.c.h; path = "CALayer+Images.h"; sourceTree = "<group>"; };
		AEDE0C0415F79A780058578E /* CALayer+Images.m */ = {isa = PBXFileReference; fileEncoding = 4; lastKnownFileType = sourcecode.c.objc; path = "CALayer+Images.m"; sourceTree = "<group>"; };
		AEE0228D160789D8009F4A9F /* FilterItemLayer.h */ = {isa = PBXFileReference; fileEncoding = 4; lastKnownFileType = sourcecode.c.h; path = FilterItemLayer.h; sourceTree = "<group>"; };
		AEE0228E160789D8009F4A9F /* FilterItemLayer.m */ = {isa = PBXFileReference; fileEncoding = 4; lastKnownFileType = sourcecode.c.objc; path = FilterItemLayer.m; sourceTree = "<group>"; };
		AEE0229116093F8C009F4A9F /* VideoBrowserView.h */ = {isa = PBXFileReference; fileEncoding = 4; lastKnownFileType = sourcecode.c.h; path = VideoBrowserView.h; sourceTree = "<group>"; };
		AEE0229216093F8C009F4A9F /* VideoBrowserView.m */ = {isa = PBXFileReference; fileEncoding = 4; lastKnownFileType = sourcecode.c.objc; path = VideoBrowserView.m; sourceTree = "<group>"; };
		AEE022941609400A009F4A9F /* VideoClipLayer.h */ = {isa = PBXFileReference; fileEncoding = 4; lastKnownFileType = sourcecode.c.h; path = VideoClipLayer.h; sourceTree = "<group>"; };
		AEE022951609400A009F4A9F /* VideoClipLayer.m */ = {isa = PBXFileReference; fileEncoding = 4; lastKnownFileType = sourcecode.c.objc; path = VideoClipLayer.m; sourceTree = "<group>"; };
		AEFE46B61605064C006E4122 /* VideoPlayerView.h */ = {isa = PBXFileReference; fileEncoding = 4; lastKnownFileType = sourcecode.c.h; path = VideoPlayerView.h; sourceTree = "<group>"; };
		AEFE46B71605064C006E4122 /* VideoPlayerView.m */ = {isa = PBXFileReference; fileEncoding = 4; lastKnownFileType = sourcecode.c.objc; path = VideoPlayerView.m; sourceTree = "<group>"; };
		AEFE46BA16050671006E4122 /* VideoPlayerView.xib */ = {isa = PBXFileReference; fileEncoding = 4; lastKnownFileType = file.xib; path = VideoPlayerView.xib; sourceTree = "<group>"; };
		AEFE46BC16052A7F006E4122 /* SLFBox.h */ = {isa = PBXFileReference; fileEncoding = 4; lastKnownFileType = sourcecode.c.h; path = SLFBox.h; sourceTree = "<group>"; };
		AEFE46BD16052A7F006E4122 /* SLFBox.m */ = {isa = PBXFileReference; fileEncoding = 4; lastKnownFileType = sourcecode.c.objc; path = SLFBox.m; sourceTree = "<group>"; };
/* End PBXFileReference section */

/* Begin PBXFrameworksBuildPhase section */
		AE7D6674147561B80099875F /* Frameworks */ = {
			isa = PBXFrameworksBuildPhase;
			buildActionMask = 2147483647;
			files = (
				AEDE0C0215F562BD0058578E /* CoreMedia.framework in Frameworks */,
				AEDE0C0015F53F6A0058578E /* AVFoundation.framework in Frameworks */,
				AE7D66D5147563910099875F /* Quartz.framework in Frameworks */,
				AE7D66D6147563910099875F /* QuartzCore.framework in Frameworks */,
				AE7D66D0147563140099875F /* CoreMIDI.framework in Frameworks */,
				AE8ACC8D15FE6CC200063F7B /* BGHUDAppKit.framework in Frameworks */,
				AE7D667C147561B80099875F /* Cocoa.framework in Frameworks */,
			);
			runOnlyForDeploymentPostprocessing = 0;
		};
		AE8ACBEE15FE6A8C00063F7B /* Frameworks */ = {
			isa = PBXFrameworksBuildPhase;
			buildActionMask = 2147483647;
			files = (
				AE8ACBF315FE6A8C00063F7B /* Cocoa.framework in Frameworks */,
			);
			runOnlyForDeploymentPostprocessing = 0;
		};
/* End PBXFrameworksBuildPhase section */

/* Begin PBXGroup section */
		AE051C081498EA0500A8FB07 /* FilterUIView */ = {
			isa = PBXGroup;
			children = (
				AE051C2D149972B900A8FB07 /* CycFilterUIView.h */,
				AE051C2E149972B900A8FB07 /* CycFilterUIView.m */,
				AEAD5F5B15D9BF7900562A6B /* CycParameterColourViewController.h */,
				AEAD5F5C15D9BF7900562A6B /* CycParameterColourViewController.m */,
				AEAD5F5D15D9BF7900562A6B /* CycParameterColourViewController.xib */,
				AE051C2F149972B900A8FB07 /* CycParameterLinearViewController.h */,
				AE051C30149972B900A8FB07 /* CycParameterLinearViewController.m */,
				AE051C31149972B900A8FB07 /* CycParameterLinearViewController.xib */,
				AE051C32149972B900A8FB07 /* CycParameterViewController.h */,
				AE051C33149972B900A8FB07 /* CycParameterViewController.m */,
				AE051C34149972B900A8FB07 /* CycParameterXYView.h */,
				AE051C35149972B900A8FB07 /* CycParameterXYView.m */,
				AE051C36149972B900A8FB07 /* CycParameterXYViewController.h */,
				AE051C37149972B900A8FB07 /* CycParameterXYViewController.m */,
				AE051C38149972B900A8FB07 /* CycParameterXYViewController.xib */,
				AE051C39149972B900A8FB07 /* CycXYView.h */,
				AE051C3A149972B900A8FB07 /* CycXYView.m */,
			);
			name = FilterUIView;
			sourceTree = "<group>";
		};
		AE7D666C147561B80099875F = {
			isa = PBXGroup;
			children = (
				AE7D6681147561B80099875F /* Cyclorama */,
				AE8ACBF415FE6A8C00063F7B /* BGHUDAppKit */,
				AE7D667A147561B80099875F /* Frameworks */,
				AE7D6678147561B80099875F /* Products */,
				AEB910E315EABC7C00DEE626 /* Resources */,
			);
			sourceTree = "<group>";
		};
		AE7D6678147561B80099875F /* Products */ = {
			isa = PBXGroup;
			children = (
				AE7D6677147561B80099875F /* Cyclorama.app */,
				AE8ACBF215FE6A8C00063F7B /* BGHUDAppKit.framework */,
			);
			name = Products;
			sourceTree = "<group>";
		};
		AE7D667A147561B80099875F /* Frameworks */ = {
			isa = PBXGroup;
			children = (
				AEDE0C0115F562BD0058578E /* CoreMedia.framework */,
				AEDE0BFF15F53F6A0058578E /* AVFoundation.framework */,
				AE7D66D3147563910099875F /* Quartz.framework */,
				AE7D66D4147563910099875F /* QuartzCore.framework */,
				AE7D66CF147563140099875F /* CoreMIDI.framework */,
				AE7D667B147561B80099875F /* Cocoa.framework */,
				AE7D667D147561B80099875F /* Other Frameworks */,
			);
			name = Frameworks;
			sourceTree = "<group>";
		};
		AE7D667D147561B80099875F /* Other Frameworks */ = {
			isa = PBXGroup;
			children = (
				AE7D667E147561B80099875F /* AppKit.framework */,
				AE7D667F147561B80099875F /* CoreData.framework */,
				AE7D6680147561B80099875F /* Foundation.framework */,
			);
			name = "Other Frameworks";
			sourceTree = "<group>";
		};
		AE7D6681147561B80099875F /* Cyclorama */ = {
			isa = PBXGroup;
			children = (
				AE8ACBE615FE67B600063F7B /* Classes */,
				AE8ACD4215FEAEF200063F7B /* Deprecated */,
				AE8ACBE715FE67D500063F7B /* External Sources */,
				AE7D6682147561B80099875F /* Supporting Files */,
			);
			path = Cyclorama;
			sourceTree = "<group>";
		};
		AE7D6682147561B80099875F /* Supporting Files */ = {
			isa = PBXGroup;
			children = (
				AE7D6683147561B80099875F /* Cyclorama-Info.plist */,
				AE7D6684147561B80099875F /* InfoPlist.strings */,
				AE7D66CB1475622F0099875F /* Cyclorama-Prefix.pch */,
				AE7D6687147561B80099875F /* main.m */,
				AE7D668A147561B90099875F /* Credits.rtf */,
			);
			name = "Supporting Files";
			sourceTree = "<group>";
		};
		AE8ACBC815FE133700063F7B /* Video Browser */ = {
			isa = PBXGroup;
			children = (
				AE8ACBBE15FD3AD700063F7B /* VideoBrowserWindowController.h */,
				AE8ACBBF15FD3AD700063F7B /* VideoBrowserWindowController.m */,
				AE8ACBC015FD3AD700063F7B /* VideoBrowserWindowController.xib */,
				AE8ACBDD15FE476300063F7B /* VideoBrowserCell.h */,
				AE8ACBDE15FE476300063F7B /* VideoBrowserCell.m */,
				AE8ACBE015FE49A300063F7B /* VideoBrowserCell.xib */,
				AE0FDBF0160642BA0000BB9F /* VideoBrowserBox.h */,
				AE0FDBF1160642BA0000BB9F /* VideoBrowserBox.m */,
				AEE0229116093F8C009F4A9F /* VideoBrowserView.h */,
				AEE0229216093F8C009F4A9F /* VideoBrowserView.m */,
				AEE022941609400A009F4A9F /* VideoClipLayer.h */,
				AEE022951609400A009F4A9F /* VideoClipLayer.m */,
			);
			name = "Video Browser";
			sourceTree = "<group>";
		};
		AE8ACBD515FE137F00063F7B /* PXListView */ = {
			isa = PBXGroup;
			children = (
				AE8ACBC915FE136D00063F7B /* PXListView.h */,
				AE8ACBCA15FE136D00063F7B /* PXListView.m */,
				AE8ACBCB15FE136D00063F7B /* PXListView+Private.h */,
				AE8ACBCC15FE136D00063F7B /* PXListViewDelegate.h */,
				AE8ACBCD15FE136D00063F7B /* PXListView+UserInteraction.h */,
				AE8ACBCE15FE136D00063F7B /* PXListView+UserInteraction.m */,
				AE8ACBD615FE139600063F7B /* Cells */,
				AE8ACBD715FE139E00063F7B /* Misc */,
			);
			name = PXListView;
			sourceTree = "<group>";
		};
		AE8ACBD615FE139600063F7B /* Cells */ = {
			isa = PBXGroup;
			children = (
				AE8ACBCF15FE136D00063F7B /* PXListViewDropHighlight.h */,
				AE8ACBD015FE136D00063F7B /* PXListViewCell.h */,
				AE8ACBD115FE136D00063F7B /* PXListViewCell.m */,
				AE8ACBD215FE136D00063F7B /* PXListViewCell+Private.h */,
			);
			name = Cells;
			sourceTree = "<group>";
		};
		AE8ACBD715FE139E00063F7B /* Misc */ = {
			isa = PBXGroup;
			children = (
				AE8ACBD315FE136D00063F7B /* PXListDocumentView.h */,
				AE8ACBD415FE136D00063F7B /* PXListDocumentView.m */,
			);
			name = Misc;
			sourceTree = "<group>";
		};
		AE8ACBE615FE67B600063F7B /* Classes */ = {
			isa = PBXGroup;
			children = (
				AE7D669B147562080099875F /* ActorFilter.h */,
				AE7D669C147562080099875F /* ActorFilter.m */,
				AEC028B315A24A0A0033BB3C /* FilterParameter.h */,
				AEC028B415A24A0A0033BB3C /* FilterParameter.m */,
				AE1B441915E6A1F200E20A6F /* FilterItem.h */,
				AE1B441A15E6A1F200E20A6F /* FilterItem.m */,
				AE48C43C15E6D26B00733AAC /* FilterModel.h */,
				AE48C43D15E6D26B00733AAC /* FilterModel.m */,
				AE7D669D147562080099875F /* CycAppDelegate.h */,
				AE7D669E147562080099875F /* CycAppDelegate.m */,
				AE7D66CC147562FA0099875F /* CycArrayController.h */,
				AE7D66CD147562FA0099875F /* CycArrayController.m */,
				AE7D669F147562080099875F /* CycDocument.h */,
				AE7D66A0147562080099875F /* CycDocument.m */,
				AEDE0C0315F79A780058578E /* CALayer+Images.h */,
				AEDE0C0415F79A780058578E /* CALayer+Images.m */,
				AE7D66A1147562080099875F /* MIDIWatcher.h */,
				AE7D66A2147562080099875F /* MIDIWatcher.m */,
				AE7D66A3147562080099875F /* NSString+UUID.h */,
				AE7D66A4147562080099875F /* NSString+UUID.m */,
				AE7D66A5147562080099875F /* SharedTypes.h */,
				AE7D66A6147562080099875F /* SharedTypes.m */,
				AE7D66A7147562080099875F /* StageView.h */,
				AE7D66A8147562080099875F /* StageView.m */,
				AE7D66A9147562080099875F /* utils.h */,
				AE7D66AA147562080099875F /* utils.m */,
				AE7D66AB147562080099875F /* VideoClip.h */,
				AE7D66AC147562080099875F /* VideoClip.m */,
				AE7D66B3147562080099875F /* VideoClipController.h */,
				AE7D66B4147562080099875F /* VideoClipController.m */,
				AE7D66B9147562080099875F /* VideoLayer.h */,
				AE7D66BA147562080099875F /* VideoLayer.m */,
				AE7D66DD147566380099875F /* CycDocument.xib */,
				AE7D66DE147566380099875F /* MainMenu.xib */,
				AEFE46BF16052C9C006E4122 /* SLFKit */,
				AEFE46B91605065D006E4122 /* VideoPlayerView */,
				AE8ACBC815FE133700063F7B /* Video Browser */,
				AEB9525115ED72FF00C00019 /* FilterBrowser */,
				AE051C081498EA0500A8FB07 /* FilterUIView */,
			);
			name = Classes;
			path = ..;
			sourceTree = "<group>";
		};
		AE8ACBE715FE67D500063F7B /* External Sources */ = {
			isa = PBXGroup;
			children = (
				AE0FDBF5160655960000BB9F /* NSBezierPath+MCAdditions.h */,
				AE0FDBF6160655960000BB9F /* NSBezierPath+MCAdditions.m */,
				AE8ACBD515FE137F00063F7B /* PXListView */,
			);
			name = "External Sources";
			path = ..;
			sourceTree = "<group>";
		};
		AE8ACBF415FE6A8C00063F7B /* BGHUDAppKit */ = {
			isa = PBXGroup;
			children = (
				AE8ACC7715FE6AD900063F7B /* BGHUDBox */,
				AE8ACC7815FE6AE700063F7B /* BGHUDView */,
				AE8ACC7915FE6AF200063F7B /* BGHUDComboBoxCell */,
				AE8ACC7A15FE6AFF00063F7B /* Readme */,
				AE8ACC0815FE6ABE00063F7B /* BGHUDAppKit.h */,
				AE8ACC7B15FE6B1700063F7B /* Theming */,
				AE8ACC7C15FE6B2400063F7B /* BGHUDButtonCell */,
				AE8ACC7D15FE6B3900063F7B /* BGHUDColorWell */,
				AE8ACC7E15FE6B4300063F7B /* BGHUDLabel */,
				AE8ACC7F15FE6B5700063F7B /* BGHUDOutlineView */,
				AE8ACC8015FE6B6400063F7B /* BGHUDPopUpButtonCell */,
				AE8ACC8115FE6B7200063F7B /* BGHUDProgressIndicator */,
				AE8ACC8215FE6B7F00063F7B /* BGHUDScroller */,
				AE8ACC8315FE6B8C00063F7B /* BGHUDScrollView */,
				AE8ACC8415FE6B9900063F7B /* BGHUDSearchFieldCell */,
				AE8ACC8515FE6BA700063F7B /* BGHUDSecureTextFieldCell */,
				AE8ACC8615FE6BB500063F7B /* BGHUDSegmentedCell */,
				AE8ACC8715FE6BC200063F7B /* BGHUDSliderCell */,
				AE8ACC8815FE6BCE00063F7B /* BGHUDStepperCell */,
				AE8ACC8915FE6BDD00063F7B /* BGHUDTableView */,
				AE8ACC8A15FE6BE900063F7B /* BGHUDTabView */,
				AE8ACC8B15FE6BF400063F7B /* BGHUDTextFieldCell */,
				AE8ACC3915FE6ABE00063F7B /* BGHUDGeometry.h */,
				AE8ACC3A15FE6ABE00063F7B /* BGHUDCommon.h */,
				AE8ACC3B15FE6ABE00063F7B /* BGHUDCommon.m */,
				AE8ACBF515FE6A8C00063F7B /* Supporting Files */,
			);
			path = BGHUDAppKit;
			sourceTree = "<group>";
		};
		AE8ACBF515FE6A8C00063F7B /* Supporting Files */ = {
			isa = PBXGroup;
			children = (
				AE8ACBF615FE6A8C00063F7B /* BGHUDAppKit-Info.plist */,
				AE8ACBF715FE6A8C00063F7B /* InfoPlist.strings */,
				AE8ACBFA15FE6A8C00063F7B /* BGHUDAppKit-Prefix.pch */,
			);
			name = "Supporting Files";
			sourceTree = "<group>";
		};
		AE8ACC7715FE6AD900063F7B /* BGHUDBox */ = {
			isa = PBXGroup;
			children = (
				AE8ACC0115FE6ABE00063F7B /* BGHUDBox.h */,
				AE8ACC0215FE6ABE00063F7B /* BGHUDBox.m */,
			);
			name = BGHUDBox;
			sourceTree = "<group>";
		};
		AE8ACC7815FE6AE700063F7B /* BGHUDView */ = {
			isa = PBXGroup;
			children = (
				AE8ACC0315FE6ABE00063F7B /* BGHUDView.h */,
				AE8ACC0415FE6ABE00063F7B /* BGHUDView.m */,
			);
			name = BGHUDView;
			sourceTree = "<group>";
		};
		AE8ACC7915FE6AF200063F7B /* BGHUDComboBoxCell */ = {
			isa = PBXGroup;
			children = (
				AE8ACC0515FE6ABE00063F7B /* BGHUDComboBoxCell.h */,
				AE8ACC0615FE6ABE00063F7B /* BGHUDComboBoxCell.m */,
			);
			name = BGHUDComboBoxCell;
			sourceTree = "<group>";
		};
		AE8ACC7A15FE6AFF00063F7B /* Readme */ = {
			isa = PBXGroup;
			children = (
				AE8ACC0715FE6ABE00063F7B /* README.textile */,
			);
			name = Readme;
			sourceTree = "<group>";
		};
		AE8ACC7B15FE6B1700063F7B /* Theming */ = {
			isa = PBXGroup;
			children = (
				AE8ACC0915FE6ABE00063F7B /* BGGradientTheme.h */,
				AE8ACC0A15FE6ABE00063F7B /* BGGradientTheme.m */,
				AE8ACC0B15FE6ABE00063F7B /* BGTheme.h */,
				AE8ACC0C15FE6ABE00063F7B /* BGTheme.m */,
				AE8ACC0D15FE6ABE00063F7B /* BGThemeManager.h */,
				AE8ACC0E15FE6ABE00063F7B /* BGThemeManager.m */,
			);
			name = Theming;
			sourceTree = "<group>";
		};
		AE8ACC7C15FE6B2400063F7B /* BGHUDButtonCell */ = {
			isa = PBXGroup;
			children = (
				AE8ACC0F15FE6ABE00063F7B /* BGHUDButtonCell.h */,
				AE8ACC1015FE6ABE00063F7B /* BGHUDButtonCell.m */,
			);
			name = BGHUDButtonCell;
			sourceTree = "<group>";
		};
		AE8ACC7D15FE6B3900063F7B /* BGHUDColorWell */ = {
			isa = PBXGroup;
			children = (
				AE8ACC1115FE6ABE00063F7B /* BGHUDColorWell.h */,
				AE8ACC1215FE6ABE00063F7B /* BGHUDColorWell.m */,
			);
			name = BGHUDColorWell;
			sourceTree = "<group>";
		};
		AE8ACC7E15FE6B4300063F7B /* BGHUDLabel */ = {
			isa = PBXGroup;
			children = (
				AE8ACC1315FE6ABE00063F7B /* BGHUDLabel.h */,
				AE8ACC1415FE6ABE00063F7B /* BGHUDLabel.m */,
			);
			name = BGHUDLabel;
			sourceTree = "<group>";
		};
		AE8ACC7F15FE6B5700063F7B /* BGHUDOutlineView */ = {
			isa = PBXGroup;
			children = (
				AE8ACC1515FE6ABE00063F7B /* BGHUDOutlineView.h */,
				AE8ACC1615FE6ABE00063F7B /* BGHUDOutlineView.m */,
			);
			name = BGHUDOutlineView;
			sourceTree = "<group>";
		};
		AE8ACC8015FE6B6400063F7B /* BGHUDPopUpButtonCell */ = {
			isa = PBXGroup;
			children = (
				AE8ACC1715FE6ABE00063F7B /* BGHUDPopUpButtonCell.h */,
				AE8ACC1815FE6ABE00063F7B /* BGHUDPopUpButtonCell.m */,
			);
			name = BGHUDPopUpButtonCell;
			sourceTree = "<group>";
		};
		AE8ACC8115FE6B7200063F7B /* BGHUDProgressIndicator */ = {
			isa = PBXGroup;
			children = (
				AE8ACC1915FE6ABE00063F7B /* BGHUDProgressIndicator.h */,
				AE8ACC1A15FE6ABE00063F7B /* BGHUDProgressIndicator.m */,
			);
			name = BGHUDProgressIndicator;
			sourceTree = "<group>";
		};
		AE8ACC8215FE6B7F00063F7B /* BGHUDScroller */ = {
			isa = PBXGroup;
			children = (
				AE8ACC1B15FE6ABE00063F7B /* BGHUDScroller.h */,
				AE8ACC1C15FE6ABE00063F7B /* BGHUDScroller.m */,
			);
			name = BGHUDScroller;
			sourceTree = "<group>";
		};
		AE8ACC8315FE6B8C00063F7B /* BGHUDScrollView */ = {
			isa = PBXGroup;
			children = (
				AE8ACC1D15FE6ABE00063F7B /* BGHUDScrollView.h */,
				AE8ACC1E15FE6ABE00063F7B /* BGHUDScrollView.m */,
			);
			name = BGHUDScrollView;
			sourceTree = "<group>";
		};
		AE8ACC8415FE6B9900063F7B /* BGHUDSearchFieldCell */ = {
			isa = PBXGroup;
			children = (
				AE8ACC1F15FE6ABE00063F7B /* BGHUDSearchFieldCell.h */,
				AE8ACC2015FE6ABE00063F7B /* BGHUDSearchFieldCell.m */,
			);
			name = BGHUDSearchFieldCell;
			sourceTree = "<group>";
		};
		AE8ACC8515FE6BA700063F7B /* BGHUDSecureTextFieldCell */ = {
			isa = PBXGroup;
			children = (
				AE8ACC2115FE6ABE00063F7B /* BGHUDSecureTextFieldCell.h */,
				AE8ACC2215FE6ABE00063F7B /* BGHUDSecureTextFieldCell.m */,
			);
			name = BGHUDSecureTextFieldCell;
			sourceTree = "<group>";
		};
		AE8ACC8615FE6BB500063F7B /* BGHUDSegmentedCell */ = {
			isa = PBXGroup;
			children = (
				AE8ACC2315FE6ABE00063F7B /* BGHUDSegmentedCell.h */,
				AE8ACC2415FE6ABE00063F7B /* BGHUDSegmentedCell.m */,
			);
			name = BGHUDSegmentedCell;
			sourceTree = "<group>";
		};
		AE8ACC8715FE6BC200063F7B /* BGHUDSliderCell */ = {
			isa = PBXGroup;
			children = (
				AE8ACC2515FE6ABE00063F7B /* BGHUDSliderCell.h */,
				AE8ACC2615FE6ABE00063F7B /* BGHUDSliderCell.m */,
			);
			name = BGHUDSliderCell;
			sourceTree = "<group>";
		};
		AE8ACC8815FE6BCE00063F7B /* BGHUDStepperCell */ = {
			isa = PBXGroup;
			children = (
				AE8ACC2715FE6ABE00063F7B /* BGHUDStepperCell.h */,
				AE8ACC2815FE6ABE00063F7B /* BGHUDStepperCell.m */,
			);
			name = BGHUDStepperCell;
			sourceTree = "<group>";
		};
		AE8ACC8915FE6BDD00063F7B /* BGHUDTableView */ = {
			isa = PBXGroup;
			children = (
				AE8ACC2915FE6ABE00063F7B /* BGHUDTableView.h */,
				AE8ACC2A15FE6ABE00063F7B /* BGHUDTableView.m */,
				AE8ACC2B15FE6ABE00063F7B /* BGHUDTableViewHeaderCell.h */,
				AE8ACC2C15FE6ABE00063F7B /* BGHUDTableViewHeaderCell.m */,
				AE8ACC2D15FE6ABE00063F7B /* BGHUDTableCornerView.h */,
				AE8ACC2E15FE6ABE00063F7B /* BGHUDTableCornerView.m */,
			);
			name = BGHUDTableView;
			sourceTree = "<group>";
		};
		AE8ACC8A15FE6BE900063F7B /* BGHUDTabView */ = {
			isa = PBXGroup;
			children = (
				AE8ACC2F15FE6ABE00063F7B /* BGHUDTabViewItem.h */,
				AE8ACC3015FE6ABE00063F7B /* BGHUDTabViewItem.m */,
				AE8ACC3115FE6ABE00063F7B /* BGHUDTabView.h */,
				AE8ACC3215FE6ABE00063F7B /* BGHUDTabView.m */,
			);
			name = BGHUDTabView;
			sourceTree = "<group>";
		};
		AE8ACC8B15FE6BF400063F7B /* BGHUDTextFieldCell */ = {
			isa = PBXGroup;
			children = (
				AE8ACC3315FE6ABE00063F7B /* BGHUDTextFieldCell.h */,
				AE8ACC3415FE6ABE00063F7B /* BGHUDTextFieldCell.m */,
			);
			name = BGHUDTextFieldCell;
			sourceTree = "<group>";
		};
		AE8ACD4215FEAEF200063F7B /* Deprecated */ = {
			isa = PBXGroup;
			children = (
				AE7D66AD147562080099875F /* VideoClipCell.h */,
				AE7D66AE147562080099875F /* VideoClipCell.m */,
				AE7D66AF147562080099875F /* VideoClipCollectionItemView.h */,
				AE7D66B0147562080099875F /* VideoClipCollectionItemView.m */,
				AE7D66B7147562080099875F /* VideoClipView.h */,
				AE7D66B8147562080099875F /* VideoClipView.m */,
				AE7D66B1147562080099875F /* VideoClipCollectionView.h */,
				AE7D66B2147562080099875F /* VideoClipCollectionView.m */,
			);
			name = Deprecated;
			path = ..;
			sourceTree = "<group>";
		};
		AEB9525115ED72FF00C00019 /* FilterBrowser */ = {
			isa = PBXGroup;
			children = (
				AE5DB0B115E9734D00C4C720 /* FilterItemView.h */,
				AE5DB0B215E9734D00C4C720 /* FilterItemView.m */,
				AEE0228D160789D8009F4A9F /* FilterItemLayer.h */,
				AEE0228E160789D8009F4A9F /* FilterItemLayer.m */,
				AEB9524B15ED4FFE00C00019 /* CursorLayer.h */,
				AEB9524C15ED4FFE00C00019 /* CursorLayer.m */,
				AEB9525515ED9D8200C00019 /* FilterBrowserWindowController.h */,
				AEB9525615ED9D8200C00019 /* FilterBrowserWindowController.m */,
				AEB9525715ED9D8200C00019 /* FilterBrowserWindowController.xib */,
				AEB9525215ED74D000C00019 /* FilterBrowserView.h */,
				AEB9525315ED74D000C00019 /* FilterBrowserView.m */,
				AE6861011606174C009C9694 /* FilterBrowserBox.h */,
				AE6861021606174C009C9694 /* FilterBrowserBox.m */,
			);
			name = FilterBrowser;
			sourceTree = "<group>";
		};
		AEFE46B91605065D006E4122 /* VideoPlayerView */ = {
			isa = PBXGroup;
			children = (
				AEFE46B61605064C006E4122 /* VideoPlayerView.h */,
				AEFE46B71605064C006E4122 /* VideoPlayerView.m */,
				AEFE46BA16050671006E4122 /* VideoPlayerView.xib */,
			);
			name = VideoPlayerView;
			sourceTree = "<group>";
		};
		AEFE46BF16052C9C006E4122 /* SLFKit */ = {
			isa = PBXGroup;
			children = (
				AE8ACBBA15FD0D0200063F7B /* SLFBlackWindow.h */,
				AE8ACBBB15FD0D0200063F7B /* SLFBlackWindow.m */,
				AEFE46BC16052A7F006E4122 /* SLFBox.h */,
				AEFE46BD16052A7F006E4122 /* SLFBox.m */,
				AE86852C160DEE2000A5A3E1 /* SLFBoxDelegate.h */,
				AEC3194D161765D40027F14C /* SLFHorizontalLayout.h */,
				AEC3194E161765D40027F14C /* SLFHorizontalLayout.m */,
			);
			name = SLFKit;
			sourceTree = "<group>";
		};
/* End PBXGroup section */

/* Begin PBXHeadersBuildPhase section */
		AE8ACBEF15FE6A8C00063F7B /* Headers */ = {
			isa = PBXHeadersBuildPhase;
			buildActionMask = 2147483647;
			files = (
				AE8ACC3C15FE6ABE00063F7B /* BGHUDBox.h in Headers */,
				AE8ACC3E15FE6ABE00063F7B /* BGHUDView.h in Headers */,
				AE8ACC4015FE6ABE00063F7B /* BGHUDComboBoxCell.h in Headers */,
				AE8ACC4315FE6ABE00063F7B /* BGHUDAppKit.h in Headers */,
				AE8ACC4415FE6ABE00063F7B /* BGGradientTheme.h in Headers */,
				AE8ACC4615FE6ABE00063F7B /* BGTheme.h in Headers */,
				AE8ACC4815FE6ABE00063F7B /* BGThemeManager.h in Headers */,
				AE8ACC4A15FE6ABE00063F7B /* BGHUDButtonCell.h in Headers */,
				AE8ACC4C15FE6ABE00063F7B /* BGHUDColorWell.h in Headers */,
				AE8ACC4E15FE6ABE00063F7B /* BGHUDLabel.h in Headers */,
				AE8ACC5015FE6ABE00063F7B /* BGHUDOutlineView.h in Headers */,
				AE8ACC5215FE6ABE00063F7B /* BGHUDPopUpButtonCell.h in Headers */,
				AE8ACC5415FE6ABE00063F7B /* BGHUDProgressIndicator.h in Headers */,
				AE8ACC5615FE6ABE00063F7B /* BGHUDScroller.h in Headers */,
				AE8ACC5815FE6ABE00063F7B /* BGHUDScrollView.h in Headers */,
				AE8ACC5A15FE6ABE00063F7B /* BGHUDSearchFieldCell.h in Headers */,
				AE8ACC5C15FE6ABE00063F7B /* BGHUDSecureTextFieldCell.h in Headers */,
				AE8ACC5E15FE6ABE00063F7B /* BGHUDSegmentedCell.h in Headers */,
				AE8ACC6015FE6ABE00063F7B /* BGHUDSliderCell.h in Headers */,
				AE8ACC6215FE6ABE00063F7B /* BGHUDStepperCell.h in Headers */,
				AE8ACC6415FE6ABE00063F7B /* BGHUDTableView.h in Headers */,
				AE8ACC6615FE6ABE00063F7B /* BGHUDTableViewHeaderCell.h in Headers */,
				AE8ACC6815FE6ABE00063F7B /* BGHUDTableCornerView.h in Headers */,
				AE8ACC6A15FE6ABE00063F7B /* BGHUDTabViewItem.h in Headers */,
				AE8ACC6C15FE6ABE00063F7B /* BGHUDTabView.h in Headers */,
				AE8ACC6E15FE6ABE00063F7B /* BGHUDTextFieldCell.h in Headers */,
				AE8ACC7415FE6ABE00063F7B /* BGHUDGeometry.h in Headers */,
				AE8ACC7515FE6ABE00063F7B /* BGHUDCommon.h in Headers */,
			);
			runOnlyForDeploymentPostprocessing = 0;
		};
/* End PBXHeadersBuildPhase section */

/* Begin PBXNativeTarget section */
		AE7D6676147561B80099875F /* Cyclorama */ = {
			isa = PBXNativeTarget;
			buildConfigurationList = AE7D6698147561B90099875F /* Build configuration list for PBXNativeTarget "Cyclorama" */;
			buildPhases = (
				AE7D6673147561B80099875F /* Sources */,
				AE7D6674147561B80099875F /* Frameworks */,
				AE7D6675147561B80099875F /* Resources */,
				AE8ACC8E15FE6CD800063F7B /* CopyFiles */,
			);
			buildRules = (
			);
			dependencies = (
			);
			name = Cyclorama;
			productName = Cyclorama;
			productReference = AE7D6677147561B80099875F /* Cyclorama.app */;
			productType = "com.apple.product-type.application";
		};
		AE8ACBF115FE6A8C00063F7B /* BGHUDAppKit */ = {
			isa = PBXNativeTarget;
			buildConfigurationList = AE8ACBFE15FE6A8C00063F7B /* Build configuration list for PBXNativeTarget "BGHUDAppKit" */;
			buildPhases = (
				AE8ACBED15FE6A8C00063F7B /* Sources */,
				AE8ACBEE15FE6A8C00063F7B /* Frameworks */,
				AE8ACBEF15FE6A8C00063F7B /* Headers */,
				AE8ACBF015FE6A8C00063F7B /* Resources */,
			);
			buildRules = (
			);
			dependencies = (
			);
			name = BGHUDAppKit;
			productName = BGHUDAppKit;
			productReference = AE8ACBF215FE6A8C00063F7B /* BGHUDAppKit.framework */;
			productType = "com.apple.product-type.framework";
		};
/* End PBXNativeTarget section */

/* Begin PBXProject section */
		AE7D666E147561B80099875F /* Project object */ = {
			isa = PBXProject;
			attributes = {
				LastUpgradeCheck = 0440;
				ORGANIZATIONNAME = "Sleep(5)";
			};
			buildConfigurationList = AE7D6671147561B80099875F /* Build configuration list for PBXProject "Cyclorama" */;
			compatibilityVersion = "Xcode 3.2";
			developmentRegion = English;
			hasScannedForEncodings = 0;
			knownRegions = (
				en,
			);
			mainGroup = AE7D666C147561B80099875F;
			productRefGroup = AE7D6678147561B80099875F /* Products */;
			projectDirPath = "";
			projectRoot = "";
			targets = (
				AE7D6676147561B80099875F /* Cyclorama */,
				AE8ACBF115FE6A8C00063F7B /* BGHUDAppKit */,
			);
		};
/* End PBXProject section */

/* Begin PBXResourcesBuildPhase section */
		AE7D6675147561B80099875F /* Resources */ = {
			isa = PBXResourcesBuildPhase;
			buildActionMask = 2147483647;
			files = (
				AE7D6686147561B80099875F /* InfoPlist.strings in Resources */,
				AE7D668C147561B90099875F /* Credits.rtf in Resources */,
				AE7D66DF147566380099875F /* CycDocument.xib in Resources */,
				AE7D66E0147566380099875F /* MainMenu.xib in Resources */,
				AE051C3D149972B900A8FB07 /* CycParameterLinearViewController.xib in Resources */,
				AE051C41149972B900A8FB07 /* CycParameterXYViewController.xib in Resources */,
				AEAD5F5F15D9BF7900562A6B /* CycParameterColourViewController.xib in Resources */,
				AEB910E415EABC7C00DEE626 /* Resources in Resources */,
				AEB9525915ED9D8200C00019 /* FilterBrowserWindowController.xib in Resources */,
				AE8ACBC215FD3AD700063F7B /* VideoBrowserWindowController.xib in Resources */,
				AE8ACBE115FE49A300063F7B /* VideoBrowserCell.xib in Resources */,
				AEFE46BB16050671006E4122 /* VideoPlayerView.xib in Resources */,
			);
			runOnlyForDeploymentPostprocessing = 0;
		};
		AE8ACBF015FE6A8C00063F7B /* Resources */ = {
			isa = PBXResourcesBuildPhase;
			buildActionMask = 2147483647;
			files = (
				AE8ACBF915FE6A8C00063F7B /* InfoPlist.strings in Resources */,
				AE8ACC4215FE6ABE00063F7B /* README.textile in Resources */,
			);
			runOnlyForDeploymentPostprocessing = 0;
		};
/* End PBXResourcesBuildPhase section */

/* Begin PBXSourcesBuildPhase section */
		AE7D6673147561B80099875F /* Sources */ = {
			isa = PBXSourcesBuildPhase;
			buildActionMask = 2147483647;
			files = (
				AE8ACBD815FE146400063F7B /* PXListView.m in Sources */,
				AE8ACBDA15FE146400063F7B /* PXListView+UserInteraction.m in Sources */,
				AE8ACBDB15FE146400063F7B /* PXListViewCell.m in Sources */,
				AE8ACBDC15FE146400063F7B /* PXListDocumentView.m in Sources */,
				AE7D6688147561B80099875F /* main.m in Sources */,
				AE7D66BB147562080099875F /* ActorFilter.m in Sources */,
				AE7D66BC147562080099875F /* CycAppDelegate.m in Sources */,
				AE7D66BD147562080099875F /* CycDocument.m in Sources */,
				AE7D66BE147562080099875F /* MIDIWatcher.m in Sources */,
				AE7D66BF147562080099875F /* NSString+UUID.m in Sources */,
				AE7D66C0147562080099875F /* SharedTypes.m in Sources */,
				AE7D66C1147562080099875F /* StageView.m in Sources */,
				AE7D66C2147562080099875F /* utils.m in Sources */,
				AE7D66C3147562080099875F /* VideoClip.m in Sources */,
				AE7D66C4147562080099875F /* VideoClipCell.m in Sources */,
				AE7D66C5147562080099875F /* VideoClipCollectionItemView.m in Sources */,
				AE7D66C6147562080099875F /* VideoClipCollectionView.m in Sources */,
				AE7D66C7147562080099875F /* VideoClipController.m in Sources */,
				AE7D66C9147562080099875F /* VideoClipView.m in Sources */,
				AE7D66CA147562080099875F /* VideoLayer.m in Sources */,
				AE7D66CE147562FA0099875F /* CycArrayController.m in Sources */,
				AE051C3B149972B900A8FB07 /* CycFilterUIView.m in Sources */,
				AE051C3C149972B900A8FB07 /* CycParameterLinearViewController.m in Sources */,
				AE051C3E149972B900A8FB07 /* CycParameterViewController.m in Sources */,
				AE051C3F149972B900A8FB07 /* CycParameterXYView.m in Sources */,
				AE051C40149972B900A8FB07 /* CycParameterXYViewController.m in Sources */,
				AE051C42149972B900A8FB07 /* CycXYView.m in Sources */,
				AEC028B515A24A0A0033BB3C /* FilterParameter.m in Sources */,
				AEAD5F5E15D9BF7900562A6B /* CycParameterColourViewController.m in Sources */,
				AE1B441B15E6A1F200E20A6F /* FilterItem.m in Sources */,
				AE48C43E15E6D26B00733AAC /* FilterModel.m in Sources */,
				AE5DB0B315E9734D00C4C720 /* FilterItemView.m in Sources */,
				AEB9524D15ED4FFE00C00019 /* CursorLayer.m in Sources */,
				AEB9525415ED74D000C00019 /* FilterBrowserView.m in Sources */,
				AEB9525815ED9D8200C00019 /* FilterBrowserWindowController.m in Sources */,
				AEDE0C0515F79A780058578E /* CALayer+Images.m in Sources */,
				AE8ACBBC15FD0D0200063F7B /* SLFBlackWindow.m in Sources */,
				AE8ACBC115FD3AD700063F7B /* VideoBrowserWindowController.m in Sources */,
				AE8ACBDF15FE476300063F7B /* VideoBrowserCell.m in Sources */,
				AEFE46B81605064C006E4122 /* VideoPlayerView.m in Sources */,
				AEFE46BE16052A7F006E4122 /* SLFBox.m in Sources */,
				AE6861031606174C009C9694 /* FilterBrowserBox.m in Sources */,
				AE0FDBF2160642BA0000BB9F /* VideoBrowserBox.m in Sources */,
				AE0FDBF7160655960000BB9F /* NSBezierPath+MCAdditions.m in Sources */,
				AEE0228F160789D8009F4A9F /* FilterItemLayer.m in Sources */,
				AEE0229316093F8C009F4A9F /* VideoBrowserView.m in Sources */,
				AEE022961609400A009F4A9F /* VideoClipLayer.m in Sources */,
				AEC3194F161765D40027F14C /* SLFHorizontalLayout.m in Sources */,
			);
			runOnlyForDeploymentPostprocessing = 0;
		};
		AE8ACBED15FE6A8C00063F7B /* Sources */ = {
			isa = PBXSourcesBuildPhase;
			buildActionMask = 2147483647;
			files = (
				AE8ACC3D15FE6ABE00063F7B /* BGHUDBox.m in Sources */,
				AE8ACC3F15FE6ABE00063F7B /* BGHUDView.m in Sources */,
				AE8ACC4115FE6ABE00063F7B /* BGHUDComboBoxCell.m in Sources */,
				AE8ACC4515FE6ABE00063F7B /* BGGradientTheme.m in Sources */,
				AE8ACC4715FE6ABE00063F7B /* BGTheme.m in Sources */,
				AE8ACC4915FE6ABE00063F7B /* BGThemeManager.m in Sources */,
				AE8ACC4B15FE6ABE00063F7B /* BGHUDButtonCell.m in Sources */,
				AE8ACC4D15FE6ABE00063F7B /* BGHUDColorWell.m in Sources */,
				AE8ACC4F15FE6ABE00063F7B /* BGHUDLabel.m in Sources */,
				AE8ACC5115FE6ABE00063F7B /* BGHUDOutlineView.m in Sources */,
				AE8ACC5315FE6ABE00063F7B /* BGHUDPopUpButtonCell.m in Sources */,
				AE8ACC5515FE6ABE00063F7B /* BGHUDProgressIndicator.m in Sources */,
				AE8ACC5715FE6ABE00063F7B /* BGHUDScroller.m in Sources */,
				AE8ACC5915FE6ABE00063F7B /* BGHUDScrollView.m in Sources */,
				AE8ACC5B15FE6ABE00063F7B /* BGHUDSearchFieldCell.m in Sources */,
				AE8ACC5D15FE6ABE00063F7B /* BGHUDSecureTextFieldCell.m in Sources */,
				AE8ACC5F15FE6ABE00063F7B /* BGHUDSegmentedCell.m in Sources */,
				AE8ACC6115FE6ABE00063F7B /* BGHUDSliderCell.m in Sources */,
				AE8ACC6315FE6ABE00063F7B /* BGHUDStepperCell.m in Sources */,
				AE8ACC6515FE6ABE00063F7B /* BGHUDTableView.m in Sources */,
				AE8ACC6715FE6ABE00063F7B /* BGHUDTableViewHeaderCell.m in Sources */,
				AE8ACC6915FE6ABE00063F7B /* BGHUDTableCornerView.m in Sources */,
				AE8ACC6B15FE6ABE00063F7B /* BGHUDTabViewItem.m in Sources */,
				AE8ACC6D15FE6ABE00063F7B /* BGHUDTabView.m in Sources */,
				AE8ACC6F15FE6ABE00063F7B /* BGHUDTextFieldCell.m in Sources */,
				AE8ACC7615FE6ABE00063F7B /* BGHUDCommon.m in Sources */,
			);
			runOnlyForDeploymentPostprocessing = 0;
		};
/* End PBXSourcesBuildPhase section */

/* Begin PBXVariantGroup section */
		AE7D6684147561B80099875F /* InfoPlist.strings */ = {
			isa = PBXVariantGroup;
			children = (
				AE7D6685147561B80099875F /* en */,
			);
			name = InfoPlist.strings;
			sourceTree = "<group>";
		};
		AE7D668A147561B90099875F /* Credits.rtf */ = {
			isa = PBXVariantGroup;
			children = (
				AE7D668B147561B90099875F /* en */,
			);
			name = Credits.rtf;
			sourceTree = "<group>";
		};
		AE8ACBF715FE6A8C00063F7B /* InfoPlist.strings */ = {
			isa = PBXVariantGroup;
			children = (
				AE8ACBF815FE6A8C00063F7B /* en */,
			);
			name = InfoPlist.strings;
			sourceTree = "<group>";
		};
/* End PBXVariantGroup section */

/* Begin XCBuildConfiguration section */
		AE7D6696147561B90099875F /* Debug */ = {
			isa = XCBuildConfiguration;
			buildSettings = {
				ALWAYS_SEARCH_USER_PATHS = NO;
				ARCHS = "$(ARCHS_STANDARD_64_BIT)";
				COPY_PHASE_STRIP = NO;
				GCC_C_LANGUAGE_STANDARD = gnu99;
				GCC_DYNAMIC_NO_PIC = NO;
				GCC_ENABLE_OBJC_EXCEPTIONS = YES;
				GCC_OPTIMIZATION_LEVEL = 0;
				GCC_PREPROCESSOR_DEFINITIONS = (
					"DEBUG=1",
					"$(inherited)",
				);
				GCC_SYMBOLS_PRIVATE_EXTERN = NO;
				GCC_VERSION = com.apple.compilers.llvm.clang.1_0;
				GCC_WARN_64_TO_32_BIT_CONVERSION = YES;
				GCC_WARN_ABOUT_MISSING_PROTOTYPES = YES;
				GCC_WARN_ABOUT_RETURN_TYPE = YES;
				GCC_WARN_UNUSED_VARIABLE = YES;
				MACOSX_DEPLOYMENT_TARGET = 10.7;
				ONLY_ACTIVE_ARCH = YES;
				SDKROOT = macosx;
			};
			name = Debug;
		};
		AE7D6697147561B90099875F /* Release */ = {
			isa = XCBuildConfiguration;
			buildSettings = {
				ALWAYS_SEARCH_USER_PATHS = NO;
				ARCHS = "$(ARCHS_STANDARD_64_BIT)";
				COPY_PHASE_STRIP = YES;
				DEBUG_INFORMATION_FORMAT = "dwarf-with-dsym";
				GCC_C_LANGUAGE_STANDARD = gnu99;
				GCC_ENABLE_OBJC_EXCEPTIONS = YES;
				GCC_VERSION = com.apple.compilers.llvm.clang.1_0;
				GCC_WARN_64_TO_32_BIT_CONVERSION = YES;
				GCC_WARN_ABOUT_MISSING_PROTOTYPES = YES;
				GCC_WARN_ABOUT_RETURN_TYPE = YES;
				GCC_WARN_UNUSED_VARIABLE = YES;
				MACOSX_DEPLOYMENT_TARGET = 10.7;
				SDKROOT = macosx;
			};
			name = Release;
		};
		AE7D6699147561B90099875F /* Debug */ = {
			isa = XCBuildConfiguration;
			buildSettings = {
				CLANG_ENABLE_OBJC_ARC = YES;
				COMBINE_HIDPI_IMAGES = YES;
				GCC_PRECOMPILE_PREFIX_HEADER = YES;
				GCC_PREFIX_HEADER = "Cyclorama/Cyclorama-Prefix.pch";
				INFOPLIST_FILE = "Cyclorama/Cyclorama-Info.plist";
				PRODUCT_NAME = "$(TARGET_NAME)";
				WRAPPER_EXTENSION = app;
			};
			name = Debug;
		};
		AE7D669A147561B90099875F /* Release */ = {
			isa = XCBuildConfiguration;
			buildSettings = {
				CLANG_ENABLE_OBJC_ARC = YES;
				COMBINE_HIDPI_IMAGES = YES;
				GCC_PRECOMPILE_PREFIX_HEADER = YES;
				GCC_PREFIX_HEADER = "Cyclorama/Cyclorama-Prefix.pch";
				INFOPLIST_FILE = "Cyclorama/Cyclorama-Info.plist";
				PRODUCT_NAME = "$(TARGET_NAME)";
				WRAPPER_EXTENSION = app;
			};
			name = Release;
		};
		AE8ACBFF15FE6A8C00063F7B /* Debug */ = {
			isa = XCBuildConfiguration;
			buildSettings = {
				CLANG_CXX_LANGUAGE_STANDARD = "gnu++0x";
				CLANG_WARN__DUPLICATE_METHOD_MATCH = YES;
				COMBINE_HIDPI_IMAGES = YES;
				DYLIB_COMPATIBILITY_VERSION = 1;
				DYLIB_CURRENT_VERSION = 1;
				FRAMEWORK_VERSION = A;
				GCC_PRECOMPILE_PREFIX_HEADER = YES;
				GCC_PREFIX_HEADER = "BGHUDAppKit/BGHUDAppKit-Prefix.pch";
				GCC_WARN_UNINITIALIZED_AUTOS = YES;
				INFOPLIST_FILE = "BGHUDAppKit/BGHUDAppKit-Info.plist";
				INSTALL_PATH = "@executable_path/../Frameworks";
				MACOSX_DEPLOYMENT_TARGET = 10.8;
				PRODUCT_NAME = "$(TARGET_NAME)";
				WRAPPER_EXTENSION = framework;
			};
			name = Debug;
		};
		AE8ACC0015FE6A8C00063F7B /* Release */ = {
			isa = XCBuildConfiguration;
			buildSettings = {
				CLANG_CXX_LANGUAGE_STANDARD = "gnu++0x";
				CLANG_WARN__DUPLICATE_METHOD_MATCH = YES;
				COMBINE_HIDPI_IMAGES = YES;
				DYLIB_COMPATIBILITY_VERSION = 1;
				DYLIB_CURRENT_VERSION = 1;
				FRAMEWORK_VERSION = A;
				GCC_PRECOMPILE_PREFIX_HEADER = YES;
				GCC_PREFIX_HEADER = "BGHUDAppKit/BGHUDAppKit-Prefix.pch";
				GCC_WARN_UNINITIALIZED_AUTOS = YES;
				INFOPLIST_FILE = "BGHUDAppKit/BGHUDAppKit-Info.plist";
				INSTALL_PATH = "@executable_path/../Frameworks";
				MACOSX_DEPLOYMENT_TARGET = 10.8;
				PRODUCT_NAME = "$(TARGET_NAME)";
				WRAPPER_EXTENSION = framework;
			};
			name = Release;
		};
/* End XCBuildConfiguration section */

/* Begin XCConfigurationList section */
		AE7D6671147561B80099875F /* Build configuration list for PBXProject "Cyclorama" */ = {
			isa = XCConfigurationList;
			buildConfigurations = (
				AE7D6696147561B90099875F /* Debug */,
				AE7D6697147561B90099875F /* Release */,
			);
			defaultConfigurationIsVisible = 0;
			defaultConfigurationName = Release;
		};
		AE7D6698147561B90099875F /* Build configuration list for PBXNativeTarget "Cyclorama" */ = {
			isa = XCConfigurationList;
			buildConfigurations = (
				AE7D6699147561B90099875F /* Debug */,
				AE7D669A147561B90099875F /* Release */,
			);
			defaultConfigurationIsVisible = 0;
			defaultConfigurationName = Release;
		};
		AE8ACBFE15FE6A8C00063F7B /* Build configuration list for PBXNativeTarget "BGHUDAppKit" */ = {
			isa = XCConfigurationList;
			buildConfigurations = (
				AE8ACBFF15FE6A8C00063F7B /* Debug */,
				AE8ACC0015FE6A8C00063F7B /* Release */,
			);
			defaultConfigurationIsVisible = 0;
			defaultConfigurationName = Release;
		};
/* End XCConfigurationList section */
	};
	rootObject = AE7D666E147561B80099875F /* Project object */;
}
